// !$*UTF8*$!
{
	archiveVersion = 1;
	classes = {
	};
	objectVersion = 46;
	objects = {

/* Begin PBXBuildFile section */
		4A1166901EB8A25D00F24D13 /* JAnnotations.m in Sources */ = {isa = PBXBuildFile; fileRef = 4A11668F1EB8A25D00F24D13 /* JAnnotations.m */; };
		4A1166981EC1D6CE00F24D13 /* JavelinNotes.m in Sources */ = {isa = PBXBuildFile; fileRef = 4A1166971EC1D6CE00F24D13 /* JavelinNotes.m */; };
		4A15811F20C9348200D3A661 /* MyGrid.m in Sources */ = {isa = PBXBuildFile; fileRef = 4A15811E20C9348200D3A661 /* MyGrid.m */; };
		4A42A53B20A0545B00F8B696 /* CatalogItem.m in Sources */ = {isa = PBXBuildFile; fileRef = 4A42A53920A0545B00F8B696 /* CatalogItem.m */; };
		4A42A53C20A0545B00F8B696 /* CatalogItem.xib in Resources */ = {isa = PBXBuildFile; fileRef = 4A42A53A20A0545B00F8B696 /* CatalogItem.xib */; };
		4A42A53E20A0641500F8B696 /* catalog_200.png in Resources */ = {isa = PBXBuildFile; fileRef = 4A42A53D20A0641500F8B696 /* catalog_200.png */; };
		4A42A54020A327A300F8B696 /* pdf.png in Resources */ = {isa = PBXBuildFile; fileRef = 4A42A53F20A327A300F8B696 /* pdf.png */; };
		4A4B2F131E94E388005CD43B /* ToolbarSearchImage.tif in Resources */ = {isa = PBXBuildFile; fileRef = 4A4B2F121E94E388005CD43B /* ToolbarSearchImage.tif */; };
		4A611D3720AC2C4400E457D2 /* exit.png in Resources */ = {isa = PBXBuildFile; fileRef = 4A611D3420AC2C4300E457D2 /* exit.png */; };
		4A611D3820AC2C4400E457D2 /* back.png in Resources */ = {isa = PBXBuildFile; fileRef = 4A611D3520AC2C4300E457D2 /* back.png */; };
		4A611D3920AC2C4400E457D2 /* refresh.png in Resources */ = {isa = PBXBuildFile; fileRef = 4A611D3620AC2C4400E457D2 /* refresh.png */; };
		4A611D3B20AC2F0100E457D2 /* download.png in Resources */ = {isa = PBXBuildFile; fileRef = 4A611D3A20AC2F0100E457D2 /* download.png */; };
		4A611D4020AC347E00E457D2 /* CatalogStack.m in Sources */ = {isa = PBXBuildFile; fileRef = 4A611D3F20AC347E00E457D2 /* CatalogStack.m */; };
		4A7F953B20A9E74700952A99 /* CatalogViewNew.m in Sources */ = {isa = PBXBuildFile; fileRef = 4A7F953920A9E74700952A99 /* CatalogViewNew.m */; };
		4A7F953C20A9E74700952A99 /* CatalogViewNew.xib in Resources */ = {isa = PBXBuildFile; fileRef = 4A7F953A20A9E74700952A99 /* CatalogViewNew.xib */; };
		4A7F954620A9F3A600952A99 /* CatalogWindowController.m in Sources */ = {isa = PBXBuildFile; fileRef = 4A7F954420A9F3A600952A99 /* CatalogWindowController.m */; };
		4A7F954720A9F3A600952A99 /* CatalogWindowController.xib in Resources */ = {isa = PBXBuildFile; fileRef = 4A7F954520A9F3A600952A99 /* CatalogWindowController.xib */; };
		4A81051720D2B37A007EAE9C /* Quartz.framework in Frameworks */ = {isa = PBXBuildFile; fileRef = 4A8EB1E51E97FCE5003EB9CA /* Quartz.framework */; };
		4A81051920D2B37A007EAE9C /* QuartzCore.framework in Frameworks */ = {isa = PBXBuildFile; fileRef = 4A81051820D2B37A007EAE9C /* QuartzCore.framework */; };
		4A84C7A720C82A1600A10785 /* refresh-icon.png in Resources */ = {isa = PBXBuildFile; fileRef = 4A84C7A620C82A1600A10785 /* refresh-icon.png */; };
		4A84C7A920C82F3900A10785 /* down-arrow.png in Resources */ = {isa = PBXBuildFile; fileRef = 4A84C7A820C82F3900A10785 /* down-arrow.png */; };
		4A84C7AB20C82F8D00A10785 /* back-arrow.png in Resources */ = {isa = PBXBuildFile; fileRef = 4A84C7AA20C82F8D00A10785 /* back-arrow.png */; };
		4A84C7AD20C8333500A10785 /* exit-arrow.png in Resources */ = {isa = PBXBuildFile; fileRef = 4A84C7AC20C8333500A10785 /* exit-arrow.png */; };
		4A8653A520C6D3AC00B5FD96 /* SingleLineTextView.m in Sources */ = {isa = PBXBuildFile; fileRef = 4A8653A420C6D3AC00B5FD96 /* SingleLineTextView.m */; };
		4ABDDD77251CAE8900F953E5 /* DocumentList.m in Sources */ = {isa = PBXBuildFile; fileRef = 4ABDDD76251CAE8900F953E5 /* DocumentList.m */; };
		4AC7460F2062AB1500DDDB79 /* ScannerThread.m in Sources */ = {isa = PBXBuildFile; fileRef = 4AC7460E2062AB1500DDDB79 /* ScannerThread.m */; };
		4AC7E7562099FEF7001EED63 /* CatalogView.xib in Resources */ = {isa = PBXBuildFile; fileRef = 4AC7E7552099FEF7001EED63 /* CatalogView.xib */; };
		4AC7E75B209A02E0001EED63 /* CatalogDocument.m in Sources */ = {isa = PBXBuildFile; fileRef = 4AC7E75A209A02E0001EED63 /* CatalogDocument.m */; };
		4AC7E75D209A061F001EED63 /* catalog.xml in Resources */ = {isa = PBXBuildFile; fileRef = 4AC7E75C209A061F001EED63 /* catalog.xml */; };
		4AC7E762209C6753001EED63 /* CatalogController.m in Sources */ = {isa = PBXBuildFile; fileRef = 4AC7E760209C6753001EED63 /* CatalogController.m */; };
		4AC7E763209C6753001EED63 /* CatalogController.xib in Resources */ = {isa = PBXBuildFile; fileRef = 4AC7E761209C6753001EED63 /* CatalogController.xib */; };
		4ADE2A83212AACF50098D8B5 /* WarningController.m in Sources */ = {isa = PBXBuildFile; fileRef = 4ADE2A81212AACF50098D8B5 /* WarningController.m */; };
		4ADE2A84212AACF50098D8B5 /* WarningController.xib in Resources */ = {isa = PBXBuildFile; fileRef = 4ADE2A82212AACF50098D8B5 /* WarningController.xib */; };
		4ADE2A86212AAE130098D8B5 /* warning.png in Resources */ = {isa = PBXBuildFile; fileRef = 4ADE2A85212AAE130098D8B5 /* warning.png */; };
		4AF0226820CFD9E90087491F /* MyTextField.m in Sources */ = {isa = PBXBuildFile; fileRef = 4AF0226720CFD9E90087491F /* MyTextField.m */; };
		9A089888140FA1FB00A6C388 /* AppController.m in Sources */ = {isa = PBXBuildFile; fileRef = 9A089887140FA1FB00A6C388 /* AppController.m */; };
		9A1466E313F3F3E90001E0DC /* UnicodeString.cpp in Sources */ = {isa = PBXBuildFile; fileRef = 9A1466E113F3F3E90001E0DC /* UnicodeString.cpp */; };
		9A1466EA13F42C980001E0DC /* Global.cpp in Sources */ = {isa = PBXBuildFile; fileRef = 9A1466E813F42C980001E0DC /* Global.cpp */; };
		9A1595BF185F0BA70093903B /* DownloadDocument.m in Sources */ = {isa = PBXBuildFile; fileRef = 9A1595BE185F0BA70093903B /* DownloadDocument.m */; };
		9A1595C4185F0BD60093903B /* DownloadDocument.xib in Resources */ = {isa = PBXBuildFile; fileRef = 9A1595C3185F0BD60093903B /* DownloadDocument.xib */; };
		9A1595C8185F34CF0093903B /* DownloadsTableView.m in Sources */ = {isa = PBXBuildFile; fileRef = 9A1595C7185F34CF0093903B /* DownloadsTableView.m */; };
		9A1ECD8213FBCAF50089F75A /* DocumentDB.mm in Sources */ = {isa = PBXBuildFile; fileRef = 9A1ECD8113FBCAF50089F75A /* DocumentDB.mm */; };
		9A25CD1B14167BEF002257C7 /* DrumlinPrintPanel.m in Sources */ = {isa = PBXBuildFile; fileRef = 9A25CD1A14167BEF002257C7 /* DrumlinPrintPanel.m */; };
		9A29678319D307FA00CD6D56 /* PDFView+rightMouseDown.m in Sources */ = {isa = PBXBuildFile; fileRef = 9A29678219D307FA00CD6D56 /* PDFView+rightMouseDown.m */; };
		9A4BB93E13F54F3000AC9FB6 /* md5.cpp in Sources */ = {isa = PBXBuildFile; fileRef = 9A4BB93C13F54F3000AC9FB6 /* md5.cpp */; };
		9A4BB94213F55FFC00AC9FB6 /* WebService.m in Sources */ = {isa = PBXBuildFile; fileRef = 9A4BB94113F55FFC00AC9FB6 /* WebService.m */; };
		9A4BB94513F5605900AC9FB6 /* XmlParser.m in Sources */ = {isa = PBXBuildFile; fileRef = 9A4BB94413F5605900AC9FB6 /* XmlParser.m */; };
		9A4F0BD017CA11E70037393B /* ToolbarDownloadImage.tif in Resources */ = {isa = PBXBuildFile; fileRef = 9A4F0BCF17CA11E70037393B /* ToolbarDownloadImage.tif */; };
		9A5AB28C17C6082F009652A1 /* VarSystemInfo.m in Sources */ = {isa = PBXBuildFile; fileRef = 9A5AB28B17C6082F009652A1 /* VarSystemInfo.m */; };
		9A60ACEF1421FEE80043D50F /* Version.m in Sources */ = {isa = PBXBuildFile; fileRef = 9A60ACEE1421FEE70043D50F /* Version.m */; };
		9A67E69817EADB1600DF64F1 /* javelin263.png in Resources */ = {isa = PBXBuildFile; fileRef = 9A67E69717EADB1600DF64F1 /* javelin263.png */; };
		9A684B56156D09B0007FE98A /* JavelinApplication.m in Sources */ = {isa = PBXBuildFile; fileRef = 9A684B55156D09B0007FE98A /* JavelinApplication.m */; };
		9A73E5AD13F58C83002F3457 /* IOKit.framework in Frameworks */ = {isa = PBXBuildFile; fileRef = 9A73E5AC13F58C83002F3457 /* IOKit.framework */; };
		9A79B0BF1E5C9FDD008090B9 /* MyImage.m in Sources */ = {isa = PBXBuildFile; fileRef = 9A79B0BE1E5C9FDD008090B9 /* MyImage.m */; };
		9A7EB71F1406A16B00DBD6DC /* AuthController.m in Sources */ = {isa = PBXBuildFile; fileRef = 9A7EB71E1406A16A00DBD6DC /* AuthController.m */; };
		9A86274E17CC971E008DC24C /* DownloadCell.m in Sources */ = {isa = PBXBuildFile; fileRef = 9A86274D17CC971E008DC24C /* DownloadCell.m */; };
		9A8EAC3814EC0BBE00735025 /* Javelin3.icns in Resources */ = {isa = PBXBuildFile; fileRef = 9A8EAC3714EC0BBE00735025 /* Javelin3.icns */; };
		9A9CEC93141A0EB40065791A /* General.m in Sources */ = {isa = PBXBuildFile; fileRef = 9A9CEC92141A0EB40065791A /* General.m */; };
		9A9CEC96141A10C30065791A /* Watermark.m in Sources */ = {isa = PBXBuildFile; fileRef = 9A9CEC95141A10C30065791A /* Watermark.m */; };
		9A9CEC99141A2E9B0065791A /* JavelinPrintView.m in Sources */ = {isa = PBXBuildFile; fileRef = 9A9CEC98141A2E9A0065791A /* JavelinPrintView.m */; };
		9A9CEC9C141A5B110065791A /* Log.m in Sources */ = {isa = PBXBuildFile; fileRef = 9A9CEC9B141A5B100065791A /* Log.m */; };
		9A9E39CE1420927A0009F10D /* ToolbarMinusAdorn.tif in Resources */ = {isa = PBXBuildFile; fileRef = 9A9E39CC1420927A0009F10D /* ToolbarMinusAdorn.tif */; };
		9A9E39CF1420927A0009F10D /* ToolbarPlusAdorn.tif in Resources */ = {isa = PBXBuildFile; fileRef = 9A9E39CD1420927A0009F10D /* ToolbarPlusAdorn.tif */; };
		9AABD3D013EE9A69008860FB /* JavelinPdfView.m in Sources */ = {isa = PBXBuildFile; fileRef = 9AABD3CF13EE9A69008860FB /* JavelinPdfView.m */; };
		9AABD4B213EEB9AF008860FB /* LinkPattern copy 1.tif in Resources */ = {isa = PBXBuildFile; fileRef = 9AABD4A813EEB9AF008860FB /* LinkPattern copy 1.tif */; };
		9AABD4B313EEB9AF008860FB /* LinkPattern copy.tif in Resources */ = {isa = PBXBuildFile; fileRef = 9AABD4A913EEB9AF008860FB /* LinkPattern copy.tif */; };
		9AABD4B413EEB9AF008860FB /* ToolbarBackAdorn.tif in Resources */ = {isa = PBXBuildFile; fileRef = 9AABD4AA13EEB9AF008860FB /* ToolbarBackAdorn.tif */; };
		9AABD4B513EEB9AF008860FB /* ToolbarDrawerImage.tif in Resources */ = {isa = PBXBuildFile; fileRef = 9AABD4AB13EEB9AF008860FB /* ToolbarDrawerImage.tif */; };
		9AABD4B613EEB9AF008860FB /* ToolbarForwardAdorn.tif in Resources */ = {isa = PBXBuildFile; fileRef = 9AABD4AC13EEB9AF008860FB /* ToolbarForwardAdorn.tif */; };
		9AABD4B713EEB9AF008860FB /* ToolbarNextPageImage.tif in Resources */ = {isa = PBXBuildFile; fileRef = 9AABD4AD13EEB9AF008860FB /* ToolbarNextPageImage.tif */; };
		9AABD4B813EEB9AF008860FB /* ToolbarPreviousPageImage.tif in Resources */ = {isa = PBXBuildFile; fileRef = 9AABD4AE13EEB9AF008860FB /* ToolbarPreviousPageImage.tif */; };
		9AABD4B913EEB9AF008860FB /* ToolbarView1Adorn.tif in Resources */ = {isa = PBXBuildFile; fileRef = 9AABD4AF13EEB9AF008860FB /* ToolbarView1Adorn.tif */; };
		9AABD4BA13EEB9AF008860FB /* ToolbarView2Adorn.tif in Resources */ = {isa = PBXBuildFile; fileRef = 9AABD4B013EEB9AF008860FB /* ToolbarView2Adorn.tif */; };
		9AABD4BB13EEB9AF008860FB /* ToolbarView3Adorn.tif in Resources */ = {isa = PBXBuildFile; fileRef = 9AABD4B113EEB9AF008860FB /* ToolbarView3Adorn.tif */; };
		9AABD4BD13EEBF12008860FB /* ToolbarView4Adorn.tif in Resources */ = {isa = PBXBuildFile; fileRef = 9AABD4BC13EEBF12008860FB /* ToolbarView4Adorn.tif */; };
		9AAECC9F1A80FC58005E7881 /* JAnnotation.m in Sources */ = {isa = PBXBuildFile; fileRef = 9AAECC9E1A80FC58005E7881 /* JAnnotation.m */; };
		9AB5BFFD17CB5FE200D1B1E3 /* DownloadItem.m in Sources */ = {isa = PBXBuildFile; fileRef = 9AB5BFFC17CB5FE200D1B1E3 /* DownloadItem.m */; };
		9AC2A39B1DB8FC3D0042822B /* SearchController.m in Sources */ = {isa = PBXBuildFile; fileRef = 9AC2A3991DB8FC3D0042822B /* SearchController.m */; };
		9AC2A39C1DB8FC3D0042822B /* SearchController.xib in Resources */ = {isa = PBXBuildFile; fileRef = 9AC2A39A1DB8FC3D0042822B /* SearchController.xib */; };
		9AC3641113F9732B006D86B2 /* DocumentRecord.m in Sources */ = {isa = PBXBuildFile; fileRef = 9AC3641013F9732B006D86B2 /* DocumentRecord.m */; };
		9AC6B7F81A7BA8BD00B9F79E /* AnnotationPanel.m in Sources */ = {isa = PBXBuildFile; fileRef = 9AC6B7F71A7BA8BD00B9F79E /* AnnotationPanel.m */; };
		9AC6B7FA1A7BCECD00B9F79E /* AnnotationPanel.xib in Resources */ = {isa = PBXBuildFile; fileRef = 9AC6B7F91A7BCECD00B9F79E /* AnnotationPanel.xib */; };
		9AC6B7FC1A7BF02F00B9F79E /* Note.xib in Resources */ = {isa = PBXBuildFile; fileRef = 9AC6B7FB1A7BF02F00B9F79E /* Note.xib */; };
		9AC6B7FF1A7BF15700B9F79E /* Note.m in Sources */ = {isa = PBXBuildFile; fileRef = 9AC6B7FE1A7BF15700B9F79E /* Note.m */; };
		9AD17AC5140A5F25008764F5 /* AuthCode.xib in Resources */ = {isa = PBXBuildFile; fileRef = 9AD17AC4140A5F25008764F5 /* AuthCode.xib */; };
		9AD9269C141E53A200035878 /* Properties.xib in Resources */ = {isa = PBXBuildFile; fileRef = 9AD9269B141E53A200035878 /* Properties.xib */; };
		9AD926A0141E586800035878 /* PropertiesController.m in Sources */ = {isa = PBXBuildFile; fileRef = 9AD9269F141E586800035878 /* PropertiesController.m */; };
		9ADB8DBA185B3D76005CBA53 /* JavelinSplash.pdf in Resources */ = {isa = PBXBuildFile; fileRef = 9ADB8DB9185B3D75005CBA53 /* JavelinSplash.pdf */; };
		9AE9896B13F2876C00A3873D /* Drumlin.mm in Sources */ = {isa = PBXBuildFile; fileRef = 9AE9896A13F2876C00A3873D /* Drumlin.mm */; };
		9AE9897213F288D400A3873D /* Rijndael.cpp in Sources */ = {isa = PBXBuildFile; fileRef = 9AE9897013F288D400A3873D /* Rijndael.cpp */; };
		9AE9897613F2B24F00A3873D /* KeyGen.cpp in Sources */ = {isa = PBXBuildFile; fileRef = 9AE9897413F2B24F00A3873D /* KeyGen.cpp */; };
		9AEA015613F922800047C73A /* Base64.cpp in Sources */ = {isa = PBXBuildFile; fileRef = 9AEA015413F922800047C73A /* Base64.cpp */; };
		9AEACC171DBA563000865CB6 /* MyThumbnailView.m in Sources */ = {isa = PBXBuildFile; fileRef = 9AEACC161DBA563000865CB6 /* MyThumbnailView.m */; };
		9AF19D9413EADEEE0046A907 /* Cocoa.framework in Frameworks */ = {isa = PBXBuildFile; fileRef = 9AF19D9313EADEEE0046A907 /* Cocoa.framework */; };
		9AF19D9E13EADEEE0046A907 /* InfoPlist.strings in Resources */ = {isa = PBXBuildFile; fileRef = 9AF19D9C13EADEEE0046A907 /* InfoPlist.strings */; };
		9AF19DA113EADEEE0046A907 /* main.m in Sources */ = {isa = PBXBuildFile; fileRef = 9AF19DA013EADEEE0046A907 /* main.m */; };
		9AF19DA413EADEEE0046A907 /* Credits.rtf in Resources */ = {isa = PBXBuildFile; fileRef = 9AF19DA213EADEEE0046A907 /* Credits.rtf */; };
		9AF19DA713EADEEE0046A907 /* JavelinDocument.m in Sources */ = {isa = PBXBuildFile; fileRef = 9AF19DA613EADEEE0046A907 /* JavelinDocument.m */; };
		9AF19DAA13EADEEE0046A907 /* JavelinDocument.xib in Resources */ = {isa = PBXBuildFile; fileRef = 9AF19DA813EADEEE0046A907 /* JavelinDocument.xib */; };
		9AF19DAD13EADEEF0046A907 /* MainMenu.xib in Resources */ = {isa = PBXBuildFile; fileRef = 9AF19DAB13EADEEF0046A907 /* MainMenu.xib */; };
		9AF2BC2B1A84F30800F01B2B /* EnterDocID.m in Sources */ = {isa = PBXBuildFile; fileRef = 9AF2BC291A84F30800F01B2B /* EnterDocID.m */; };
		9AF2BC2C1A84F30800F01B2B /* EnterDocID.xib in Resources */ = {isa = PBXBuildFile; fileRef = 9AF2BC2A1A84F30800F01B2B /* EnterDocID.xib */; };
		9AF7F9251E5E04B4007EF268 /* filer.cpp in Sources */ = {isa = PBXBuildFile; fileRef = 9AF7F9231E5E04B4007EF268 /* filer.cpp */; };
		9AFD212813ED99740060F352 /* JavelinController.m in Sources */ = {isa = PBXBuildFile; fileRef = 9AFD212713ED99740060F352 /* JavelinController.m */; };
		9AFF5ED81A8E25870068BF2F /* FreeNoteWindow.m in Sources */ = {isa = PBXBuildFile; fileRef = 9AFF5ED71A8E25870068BF2F /* FreeNoteWindow.m */; };
		9AFF5EDC1A8E4D020068BF2F /* FreeNoteController.m in Sources */ = {isa = PBXBuildFile; fileRef = 9AFF5EDA1A8E4D020068BF2F /* FreeNoteController.m */; };
		9AFF5EDD1A8E4D020068BF2F /* FreeNoteController.xib in Resources */ = {isa = PBXBuildFile; fileRef = 9AFF5EDB1A8E4D020068BF2F /* FreeNoteController.xib */; };
		9AFF94EF13F003B300784C6D /* ToolbarFirstAdorn.tif in Resources */ = {isa = PBXBuildFile; fileRef = 9AFF94EB13F003B300784C6D /* ToolbarFirstAdorn.tif */; };
		9AFF94F013F003B300784C6D /* ToolbarLastAdorn.tif in Resources */ = {isa = PBXBuildFile; fileRef = 9AFF94EC13F003B300784C6D /* ToolbarLastAdorn.tif */; };
		9AFF94F113F003B300784C6D /* ToolbarNextAdorn.tif in Resources */ = {isa = PBXBuildFile; fileRef = 9AFF94ED13F003B300784C6D /* ToolbarNextAdorn.tif */; };
		9AFF94F213F003B300784C6D /* ToolbarPrevAdorn.tif in Resources */ = {isa = PBXBuildFile; fileRef = 9AFF94EE13F003B300784C6D /* ToolbarPrevAdorn.tif */; };
/* End PBXBuildFile section */

/* Begin PBXFileReference section */
		4A11668E1EB8A25D00F24D13 /* JAnnotations.h */ = {isa = PBXFileReference; fileEncoding = 4; lastKnownFileType = sourcecode.c.h; path = JAnnotations.h; sourceTree = "<group>"; };
		4A11668F1EB8A25D00F24D13 /* JAnnotations.m */ = {isa = PBXFileReference; fileEncoding = 4; lastKnownFileType = sourcecode.c.objc; path = JAnnotations.m; sourceTree = "<group>"; };
		4A1166961EC1D6CE00F24D13 /* JavelinNotes.h */ = {isa = PBXFileReference; fileEncoding = 4; lastKnownFileType = sourcecode.c.h; path = JavelinNotes.h; sourceTree = "<group>"; };
		4A1166971EC1D6CE00F24D13 /* JavelinNotes.m */ = {isa = PBXFileReference; fileEncoding = 4; lastKnownFileType = sourcecode.c.objc; path = JavelinNotes.m; sourceTree = "<group>"; };
		4A15811D20C9348200D3A661 /* MyGrid.h */ = {isa = PBXFileReference; lastKnownFileType = sourcecode.c.h; path = MyGrid.h; sourceTree = "<group>"; };
		4A15811E20C9348200D3A661 /* MyGrid.m */ = {isa = PBXFileReference; lastKnownFileType = sourcecode.c.objc; path = MyGrid.m; sourceTree = "<group>"; };
		4A42A53820A0545B00F8B696 /* CatalogItem.h */ = {isa = PBXFileReference; lastKnownFileType = sourcecode.c.h; path = CatalogItem.h; sourceTree = "<group>"; };
		4A42A53920A0545B00F8B696 /* CatalogItem.m */ = {isa = PBXFileReference; lastKnownFileType = sourcecode.c.objc; path = CatalogItem.m; sourceTree = "<group>"; };
		4A42A53A20A0545B00F8B696 /* CatalogItem.xib */ = {isa = PBXFileReference; lastKnownFileType = file.xib; path = CatalogItem.xib; sourceTree = "<group>"; };
		4A42A53D20A0641500F8B696 /* catalog_200.png */ = {isa = PBXFileReference; lastKnownFileType = image.png; name = catalog_200.png; path = Javelin/Artwork/catalog_200.png; sourceTree = "<group>"; };
		4A42A53F20A327A300F8B696 /* pdf.png */ = {isa = PBXFileReference; lastKnownFileType = image.png; name = pdf.png; path = Javelin/Artwork/pdf.png; sourceTree = "<group>"; };
		4A4B2F121E94E388005CD43B /* ToolbarSearchImage.tif */ = {isa = PBXFileReference; lastKnownFileType = image.tiff; name = ToolbarSearchImage.tif; path = Javelin/Artwork/ToolbarSearchImage.tif; sourceTree = "<group>"; };
		4A611D3420AC2C4300E457D2 /* exit.png */ = {isa = PBXFileReference; lastKnownFileType = image.png; name = exit.png; path = Javelin/Artwork/exit.png; sourceTree = "<group>"; };
		4A611D3520AC2C4300E457D2 /* back.png */ = {isa = PBXFileReference; lastKnownFileType = image.png; name = back.png; path = Javelin/Artwork/back.png; sourceTree = "<group>"; };
		4A611D3620AC2C4400E457D2 /* refresh.png */ = {isa = PBXFileReference; lastKnownFileType = image.png; name = refresh.png; path = Javelin/Artwork/refresh.png; sourceTree = "<group>"; };
		4A611D3A20AC2F0100E457D2 /* download.png */ = {isa = PBXFileReference; lastKnownFileType = image.png; name = download.png; path = Javelin/Artwork/download.png; sourceTree = "<group>"; };
		4A611D3E20AC347E00E457D2 /* CatalogStack.h */ = {isa = PBXFileReference; lastKnownFileType = sourcecode.c.h; path = CatalogStack.h; sourceTree = "<group>"; };
		4A611D3F20AC347E00E457D2 /* CatalogStack.m */ = {isa = PBXFileReference; lastKnownFileType = sourcecode.c.objc; path = CatalogStack.m; sourceTree = "<group>"; };
		4A7F953820A9E74700952A99 /* CatalogViewNew.h */ = {isa = PBXFileReference; lastKnownFileType = sourcecode.c.h; path = CatalogViewNew.h; sourceTree = "<group>"; };
		4A7F953920A9E74700952A99 /* CatalogViewNew.m */ = {isa = PBXFileReference; lastKnownFileType = sourcecode.c.objc; path = CatalogViewNew.m; sourceTree = "<group>"; };
		4A7F953A20A9E74700952A99 /* CatalogViewNew.xib */ = {isa = PBXFileReference; lastKnownFileType = file.xib; path = CatalogViewNew.xib; sourceTree = "<group>"; };
		4A7F954320A9F3A600952A99 /* CatalogWindowController.h */ = {isa = PBXFileReference; lastKnownFileType = sourcecode.c.h; path = CatalogWindowController.h; sourceTree = "<group>"; };
		4A7F954420A9F3A600952A99 /* CatalogWindowController.m */ = {isa = PBXFileReference; lastKnownFileType = sourcecode.c.objc; path = CatalogWindowController.m; sourceTree = "<group>"; };
		4A7F954520A9F3A600952A99 /* CatalogWindowController.xib */ = {isa = PBXFileReference; lastKnownFileType = file.xib; path = CatalogWindowController.xib; sourceTree = "<group>"; };
		4A81051820D2B37A007EAE9C /* QuartzCore.framework */ = {isa = PBXFileReference; lastKnownFileType = wrapper.framework; name = QuartzCore.framework; path = System/Library/Frameworks/QuartzCore.framework; sourceTree = SDKROOT; };
		4A84C7A620C82A1600A10785 /* refresh-icon.png */ = {isa = PBXFileReference; lastKnownFileType = image.png; path = "refresh-icon.png"; sourceTree = "<group>"; };
		4A84C7A820C82F3900A10785 /* down-arrow.png */ = {isa = PBXFileReference; lastKnownFileType = image.png; path = "down-arrow.png"; sourceTree = "<group>"; };
		4A84C7AA20C82F8D00A10785 /* back-arrow.png */ = {isa = PBXFileReference; lastKnownFileType = image.png; path = "back-arrow.png"; sourceTree = "<group>"; };
		4A84C7AC20C8333500A10785 /* exit-arrow.png */ = {isa = PBXFileReference; lastKnownFileType = image.png; path = "exit-arrow.png"; sourceTree = "<group>"; };
		4A8653A320C6D3AC00B5FD96 /* SingleLineTextView.h */ = {isa = PBXFileReference; lastKnownFileType = sourcecode.c.h; path = SingleLineTextView.h; sourceTree = "<group>"; };
		4A8653A420C6D3AC00B5FD96 /* SingleLineTextView.m */ = {isa = PBXFileReference; lastKnownFileType = sourcecode.c.objc; path = SingleLineTextView.m; sourceTree = "<group>"; };
		4A8EB1E51E97FCE5003EB9CA /* Quartz.framework */ = {isa = PBXFileReference; lastKnownFileType = wrapper.framework; name = Quartz.framework; path = System/Library/Frameworks/Quartz.framework; sourceTree = SDKROOT; };
		4ABDDD75251CAE8900F953E5 /* DocumentList.h */ = {isa = PBXFileReference; lastKnownFileType = sourcecode.c.h; path = DocumentList.h; sourceTree = "<group>"; };
		4ABDDD76251CAE8900F953E5 /* DocumentList.m */ = {isa = PBXFileReference; lastKnownFileType = sourcecode.c.objc; path = DocumentList.m; sourceTree = "<group>"; };
		4AC7460D2062AB1500DDDB79 /* ScannerThread.h */ = {isa = PBXFileReference; lastKnownFileType = sourcecode.c.h; path = ScannerThread.h; sourceTree = "<group>"; };
		4AC7460E2062AB1500DDDB79 /* ScannerThread.m */ = {isa = PBXFileReference; lastKnownFileType = sourcecode.c.objc; path = ScannerThread.m; sourceTree = "<group>"; };
		4AC7E7552099FEF7001EED63 /* CatalogView.xib */ = {isa = PBXFileReference; lastKnownFileType = file.xib; path = CatalogView.xib; sourceTree = "<group>"; };
		4AC7E759209A02E0001EED63 /* CatalogDocument.h */ = {isa = PBXFileReference; lastKnownFileType = sourcecode.c.h; path = CatalogDocument.h; sourceTree = "<group>"; };
		4AC7E75A209A02E0001EED63 /* CatalogDocument.m */ = {isa = PBXFileReference; lastKnownFileType = sourcecode.c.objc; path = CatalogDocument.m; sourceTree = "<group>"; };
		4AC7E75C209A061F001EED63 /* catalog.xml */ = {isa = PBXFileReference; fileEncoding = 4; lastKnownFileType = text.xml; path = catalog.xml; sourceTree = SOURCE_ROOT; };
		4AC7E75E209A0B76001EED63 /* CatalogProtocol.h */ = {isa = PBXFileReference; lastKnownFileType = sourcecode.c.h; path = CatalogProtocol.h; sourceTree = "<group>"; };
		4AC7E75F209C6753001EED63 /* CatalogController.h */ = {isa = PBXFileReference; lastKnownFileType = sourcecode.c.h; path = CatalogController.h; sourceTree = "<group>"; };
		4AC7E760209C6753001EED63 /* CatalogController.m */ = {isa = PBXFileReference; lastKnownFileType = sourcecode.c.objc; path = CatalogController.m; sourceTree = "<group>"; };
		4AC7E761209C6753001EED63 /* CatalogController.xib */ = {isa = PBXFileReference; lastKnownFileType = file.xib; path = CatalogController.xib; sourceTree = "<group>"; };
		4ADE2A80212AACF50098D8B5 /* WarningController.h */ = {isa = PBXFileReference; lastKnownFileType = sourcecode.c.h; path = WarningController.h; sourceTree = "<group>"; };
		4ADE2A81212AACF50098D8B5 /* WarningController.m */ = {isa = PBXFileReference; lastKnownFileType = sourcecode.c.objc; path = WarningController.m; sourceTree = "<group>"; };
		4ADE2A82212AACF50098D8B5 /* WarningController.xib */ = {isa = PBXFileReference; lastKnownFileType = file.xib; path = WarningController.xib; sourceTree = "<group>"; };
		4ADE2A85212AAE130098D8B5 /* warning.png */ = {isa = PBXFileReference; lastKnownFileType = image.png; path = warning.png; sourceTree = "<group>"; };
		4AE5F6B21EC4886600973D3A /* NoteViewProtocol.h */ = {isa = PBXFileReference; lastKnownFileType = sourcecode.c.h; path = NoteViewProtocol.h; sourceTree = "<group>"; };
		4AF0226620CFD9E90087491F /* MyTextField.h */ = {isa = PBXFileReference; lastKnownFileType = sourcecode.c.h; path = MyTextField.h; sourceTree = "<group>"; };
		4AF0226720CFD9E90087491F /* MyTextField.m */ = {isa = PBXFileReference; lastKnownFileType = sourcecode.c.objc; path = MyTextField.m; sourceTree = "<group>"; };
		9A089886140FA1FB00A6C388 /* AppController.h */ = {isa = PBXFileReference; fileEncoding = 4; lastKnownFileType = sourcecode.c.h; path = AppController.h; sourceTree = "<group>"; };
		9A089887140FA1FB00A6C388 /* AppController.m */ = {isa = PBXFileReference; fileEncoding = 4; lastKnownFileType = sourcecode.c.objc; path = AppController.m; sourceTree = "<group>"; };
		9A1466E113F3F3E90001E0DC /* UnicodeString.cpp */ = {isa = PBXFileReference; fileEncoding = 4; lastKnownFileType = sourcecode.cpp.cpp; path = UnicodeString.cpp; sourceTree = "<group>"; };
		9A1466E213F3F3E90001E0DC /* UnicodeString.h */ = {isa = PBXFileReference; fileEncoding = 4; lastKnownFileType = sourcecode.c.h; path = UnicodeString.h; sourceTree = "<group>"; };
		9A1466E813F42C980001E0DC /* Global.cpp */ = {isa = PBXFileReference; fileEncoding = 4; lastKnownFileType = sourcecode.cpp.cpp; name = Global.cpp; path = ../Global.cpp; sourceTree = "<group>"; };
		9A1466E913F42C980001E0DC /* Global.h */ = {isa = PBXFileReference; fileEncoding = 4; lastKnownFileType = sourcecode.c.h; name = Global.h; path = ../Global.h; sourceTree = "<group>"; };
		9A1466EB13F434EA0001E0DC /* DocInfo.h */ = {isa = PBXFileReference; fileEncoding = 4; lastKnownFileType = sourcecode.c.h; path = DocInfo.h; sourceTree = "<group>"; };
		9A1595BD185F0BA70093903B /* DownloadDocument.h */ = {isa = PBXFileReference; fileEncoding = 4; lastKnownFileType = sourcecode.c.h; path = DownloadDocument.h; sourceTree = "<group>"; };
		9A1595BE185F0BA70093903B /* DownloadDocument.m */ = {isa = PBXFileReference; fileEncoding = 4; lastKnownFileType = sourcecode.c.objc; path = DownloadDocument.m; sourceTree = "<group>"; };
		9A1595C3185F0BD60093903B /* DownloadDocument.xib */ = {isa = PBXFileReference; fileEncoding = 4; lastKnownFileType = file.xib; path = DownloadDocument.xib; sourceTree = "<group>"; };
		9A1595C5185F2EEA0093903B /* DownloadProtocol.h */ = {isa = PBXFileReference; lastKnownFileType = sourcecode.c.h; path = DownloadProtocol.h; sourceTree = "<group>"; };
		9A1595C6185F34CF0093903B /* DownloadsTableView.h */ = {isa = PBXFileReference; fileEncoding = 4; lastKnownFileType = sourcecode.c.h; path = DownloadsTableView.h; sourceTree = "<group>"; };
		9A1595C7185F34CF0093903B /* DownloadsTableView.m */ = {isa = PBXFileReference; fileEncoding = 4; lastKnownFileType = sourcecode.c.objc; path = DownloadsTableView.m; sourceTree = "<group>"; };
		9A1ECD8013FBCAF50089F75A /* DocumentDB.h */ = {isa = PBXFileReference; fileEncoding = 4; lastKnownFileType = sourcecode.c.h; name = DocumentDB.h; path = ../DocumentDB.h; sourceTree = "<group>"; };
		9A1ECD8113FBCAF50089F75A /* DocumentDB.mm */ = {isa = PBXFileReference; fileEncoding = 4; lastKnownFileType = sourcecode.cpp.objcpp; name = DocumentDB.mm; path = ../DocumentDB.mm; sourceTree = "<group>"; };
		9A25CD1914167BEF002257C7 /* DrumlinPrintPanel.h */ = {isa = PBXFileReference; fileEncoding = 4; lastKnownFileType = sourcecode.c.h; path = DrumlinPrintPanel.h; sourceTree = "<group>"; };
		9A25CD1A14167BEF002257C7 /* DrumlinPrintPanel.m */ = {isa = PBXFileReference; fileEncoding = 4; lastKnownFileType = sourcecode.c.objc; path = DrumlinPrintPanel.m; sourceTree = "<group>"; };
		9A29678119D307FA00CD6D56 /* PDFView+rightMouseDown.h */ = {isa = PBXFileReference; fileEncoding = 4; lastKnownFileType = sourcecode.c.h; path = "PDFView+rightMouseDown.h"; sourceTree = "<group>"; };
		9A29678219D307FA00CD6D56 /* PDFView+rightMouseDown.m */ = {isa = PBXFileReference; fileEncoding = 4; lastKnownFileType = sourcecode.c.objc; path = "PDFView+rightMouseDown.m"; sourceTree = "<group>"; };
		9A4BB93C13F54F3000AC9FB6 /* md5.cpp */ = {isa = PBXFileReference; fileEncoding = 4; lastKnownFileType = sourcecode.cpp.cpp; path = md5.cpp; sourceTree = "<group>"; };
		9A4BB93D13F54F3000AC9FB6 /* md5.h */ = {isa = PBXFileReference; fileEncoding = 4; lastKnownFileType = sourcecode.c.h; path = md5.h; sourceTree = "<group>"; };
		9A4BB94013F55FFC00AC9FB6 /* WebService.h */ = {isa = PBXFileReference; fileEncoding = 4; lastKnownFileType = sourcecode.c.h; path = WebService.h; sourceTree = "<group>"; };
		9A4BB94113F55FFC00AC9FB6 /* WebService.m */ = {isa = PBXFileReference; fileEncoding = 4; lastKnownFileType = sourcecode.c.objc; path = WebService.m; sourceTree = "<group>"; };
		9A4BB94313F5605900AC9FB6 /* XmlParser.h */ = {isa = PBXFileReference; fileEncoding = 4; lastKnownFileType = sourcecode.c.h; path = XmlParser.h; sourceTree = "<group>"; };
		9A4BB94413F5605900AC9FB6 /* XmlParser.m */ = {isa = PBXFileReference; fileEncoding = 4; lastKnownFileType = sourcecode.c.objc; path = XmlParser.m; sourceTree = "<group>"; };
		9A4F0BCF17CA11E70037393B /* ToolbarDownloadImage.tif */ = {isa = PBXFileReference; lastKnownFileType = image.tiff; name = ToolbarDownloadImage.tif; path = Javelin/Artwork/ToolbarDownloadImage.tif; sourceTree = "<group>"; };
		9A5AB28A17C6082F009652A1 /* VarSystemInfo.h */ = {isa = PBXFileReference; fileEncoding = 4; lastKnownFileType = sourcecode.c.h; path = VarSystemInfo.h; sourceTree = "<group>"; };
		9A5AB28B17C6082F009652A1 /* VarSystemInfo.m */ = {isa = PBXFileReference; fileEncoding = 4; lastKnownFileType = sourcecode.c.objc; path = VarSystemInfo.m; sourceTree = "<group>"; };
		9A60ACED1421FEE70043D50F /* Version.h */ = {isa = PBXFileReference; fileEncoding = 4; lastKnownFileType = sourcecode.c.h; name = Version.h; path = ../Version.h; sourceTree = "<group>"; };
		9A60ACEE1421FEE70043D50F /* Version.m */ = {isa = PBXFileReference; fileEncoding = 4; lastKnownFileType = sourcecode.c.objc; name = Version.m; path = ../Version.m; sourceTree = "<group>"; };
		9A67E69717EADB1600DF64F1 /* javelin263.png */ = {isa = PBXFileReference; lastKnownFileType = image.png; name = javelin263.png; path = Javelin/Artwork/javelin263.png; sourceTree = "<group>"; };
		9A684B54156D09B0007FE98A /* JavelinApplication.h */ = {isa = PBXFileReference; fileEncoding = 4; lastKnownFileType = sourcecode.c.h; path = JavelinApplication.h; sourceTree = "<group>"; };
		9A684B55156D09B0007FE98A /* JavelinApplication.m */ = {isa = PBXFileReference; fileEncoding = 4; lastKnownFileType = sourcecode.c.objc; path = JavelinApplication.m; sourceTree = "<group>"; };
		9A73E5AC13F58C83002F3457 /* IOKit.framework */ = {isa = PBXFileReference; lastKnownFileType = wrapper.framework; name = IOKit.framework; path = System/Library/Frameworks/IOKit.framework; sourceTree = SDKROOT; };
		9A79B0BD1E5C9FDD008090B9 /* MyImage.h */ = {isa = PBXFileReference; fileEncoding = 4; lastKnownFileType = sourcecode.c.h; path = MyImage.h; sourceTree = "<group>"; };
		9A79B0BE1E5C9FDD008090B9 /* MyImage.m */ = {isa = PBXFileReference; fileEncoding = 4; lastKnownFileType = sourcecode.c.objc; path = MyImage.m; sourceTree = "<group>"; };
		9A7EB71D1406A16A00DBD6DC /* AuthController.h */ = {isa = PBXFileReference; fileEncoding = 4; lastKnownFileType = sourcecode.c.h; path = AuthController.h; sourceTree = "<group>"; };
		9A7EB71E1406A16A00DBD6DC /* AuthController.m */ = {isa = PBXFileReference; fileEncoding = 4; lastKnownFileType = sourcecode.c.objc; path = AuthController.m; sourceTree = "<group>"; };
		9A86274C17CC971E008DC24C /* DownloadCell.h */ = {isa = PBXFileReference; fileEncoding = 4; lastKnownFileType = sourcecode.c.h; path = DownloadCell.h; sourceTree = "<group>"; };
		9A86274D17CC971E008DC24C /* DownloadCell.m */ = {isa = PBXFileReference; fileEncoding = 4; lastKnownFileType = sourcecode.c.objc; path = DownloadCell.m; sourceTree = "<group>"; };
		9A8EAC3714EC0BBE00735025 /* Javelin3.icns */ = {isa = PBXFileReference; lastKnownFileType = image.icns; name = Javelin3.icns; path = Javelin/Artwork/Javelin3.icns; sourceTree = "<group>"; };
		9A9CEC91141A0EB40065791A /* General.h */ = {isa = PBXFileReference; fileEncoding = 4; lastKnownFileType = sourcecode.c.h; path = General.h; sourceTree = "<group>"; };
		9A9CEC92141A0EB40065791A /* General.m */ = {isa = PBXFileReference; fileEncoding = 4; lastKnownFileType = sourcecode.c.objc; path = General.m; sourceTree = "<group>"; };
		9A9CEC94141A10C30065791A /* Watermark.h */ = {isa = PBXFileReference; fileEncoding = 4; lastKnownFileType = sourcecode.c.h; path = Watermark.h; sourceTree = "<group>"; };
		9A9CEC95141A10C30065791A /* Watermark.m */ = {isa = PBXFileReference; fileEncoding = 4; lastKnownFileType = sourcecode.c.objc; path = Watermark.m; sourceTree = "<group>"; };
		9A9CEC97141A2E9A0065791A /* JavelinPrintView.h */ = {isa = PBXFileReference; fileEncoding = 4; lastKnownFileType = sourcecode.c.h; path = JavelinPrintView.h; sourceTree = "<group>"; };
		9A9CEC98141A2E9A0065791A /* JavelinPrintView.m */ = {isa = PBXFileReference; fileEncoding = 4; lastKnownFileType = sourcecode.c.objc; path = JavelinPrintView.m; sourceTree = "<group>"; };
		9A9CEC9A141A5B100065791A /* Log.h */ = {isa = PBXFileReference; fileEncoding = 4; lastKnownFileType = sourcecode.c.h; path = Log.h; sourceTree = "<group>"; };
		9A9CEC9B141A5B100065791A /* Log.m */ = {isa = PBXFileReference; fileEncoding = 4; lastKnownFileType = sourcecode.c.objc; path = Log.m; sourceTree = "<group>"; };
		9A9E39CC1420927A0009F10D /* ToolbarMinusAdorn.tif */ = {isa = PBXFileReference; lastKnownFileType = image.tiff; name = ToolbarMinusAdorn.tif; path = Javelin/Artwork/ToolbarMinusAdorn.tif; sourceTree = "<group>"; };
		9A9E39CD1420927A0009F10D /* ToolbarPlusAdorn.tif */ = {isa = PBXFileReference; lastKnownFileType = image.tiff; name = ToolbarPlusAdorn.tif; path = Javelin/Artwork/ToolbarPlusAdorn.tif; sourceTree = "<group>"; };
		9AABD3CE13EE9A69008860FB /* JavelinPdfView.h */ = {isa = PBXFileReference; fileEncoding = 4; lastKnownFileType = sourcecode.c.h; path = JavelinPdfView.h; sourceTree = "<group>"; };
		9AABD3CF13EE9A69008860FB /* JavelinPdfView.m */ = {isa = PBXFileReference; fileEncoding = 4; lastKnownFileType = sourcecode.c.objc; path = JavelinPdfView.m; sourceTree = "<group>"; };
		9AABD4A813EEB9AF008860FB /* LinkPattern copy 1.tif */ = {isa = PBXFileReference; lastKnownFileType = image.tiff; name = "LinkPattern copy 1.tif"; path = "Javelin/Artwork/LinkPattern copy 1.tif"; sourceTree = "<group>"; };
		9AABD4A913EEB9AF008860FB /* LinkPattern copy.tif */ = {isa = PBXFileReference; lastKnownFileType = image.tiff; name = "LinkPattern copy.tif"; path = "Javelin/Artwork/LinkPattern copy.tif"; sourceTree = "<group>"; };
		9AABD4AA13EEB9AF008860FB /* ToolbarBackAdorn.tif */ = {isa = PBXFileReference; lastKnownFileType = image.tiff; name = ToolbarBackAdorn.tif; path = Javelin/Artwork/ToolbarBackAdorn.tif; sourceTree = "<group>"; };
		9AABD4AB13EEB9AF008860FB /* ToolbarDrawerImage.tif */ = {isa = PBXFileReference; lastKnownFileType = image.tiff; name = ToolbarDrawerImage.tif; path = Javelin/Artwork/ToolbarDrawerImage.tif; sourceTree = "<group>"; };
		9AABD4AC13EEB9AF008860FB /* ToolbarForwardAdorn.tif */ = {isa = PBXFileReference; lastKnownFileType = image.tiff; name = ToolbarForwardAdorn.tif; path = Javelin/Artwork/ToolbarForwardAdorn.tif; sourceTree = "<group>"; };
		9AABD4AD13EEB9AF008860FB /* ToolbarNextPageImage.tif */ = {isa = PBXFileReference; lastKnownFileType = image.tiff; name = ToolbarNextPageImage.tif; path = Javelin/Artwork/ToolbarNextPageImage.tif; sourceTree = "<group>"; };
		9AABD4AE13EEB9AF008860FB /* ToolbarPreviousPageImage.tif */ = {isa = PBXFileReference; lastKnownFileType = image.tiff; name = ToolbarPreviousPageImage.tif; path = Javelin/Artwork/ToolbarPreviousPageImage.tif; sourceTree = "<group>"; };
		9AABD4AF13EEB9AF008860FB /* ToolbarView1Adorn.tif */ = {isa = PBXFileReference; lastKnownFileType = image.tiff; name = ToolbarView1Adorn.tif; path = Javelin/Artwork/ToolbarView1Adorn.tif; sourceTree = "<group>"; };
		9AABD4B013EEB9AF008860FB /* ToolbarView2Adorn.tif */ = {isa = PBXFileReference; lastKnownFileType = image.tiff; name = ToolbarView2Adorn.tif; path = Javelin/Artwork/ToolbarView2Adorn.tif; sourceTree = "<group>"; };
		9AABD4B113EEB9AF008860FB /* ToolbarView3Adorn.tif */ = {isa = PBXFileReference; lastKnownFileType = image.tiff; name = ToolbarView3Adorn.tif; path = Javelin/Artwork/ToolbarView3Adorn.tif; sourceTree = "<group>"; };
		9AABD4BC13EEBF12008860FB /* ToolbarView4Adorn.tif */ = {isa = PBXFileReference; lastKnownFileType = image.tiff; name = ToolbarView4Adorn.tif; path = Javelin/Artwork/ToolbarView4Adorn.tif; sourceTree = "<group>"; };
		9AAECC9D1A80FC58005E7881 /* JAnnotation.h */ = {isa = PBXFileReference; fileEncoding = 4; lastKnownFileType = sourcecode.c.h; path = JAnnotation.h; sourceTree = "<group>"; };
		9AAECC9E1A80FC58005E7881 /* JAnnotation.m */ = {isa = PBXFileReference; fileEncoding = 4; lastKnownFileType = sourcecode.c.objc; path = JAnnotation.m; sourceTree = "<group>"; };
		9AB5BFFB17CB5FE200D1B1E3 /* DownloadItem.h */ = {isa = PBXFileReference; fileEncoding = 4; lastKnownFileType = sourcecode.c.h; path = DownloadItem.h; sourceTree = "<group>"; };
		9AB5BFFC17CB5FE200D1B1E3 /* DownloadItem.m */ = {isa = PBXFileReference; fileEncoding = 4; lastKnownFileType = sourcecode.c.objc; path = DownloadItem.m; sourceTree = "<group>"; };
		9AC2A3981DB8FC3D0042822B /* SearchController.h */ = {isa = PBXFileReference; fileEncoding = 4; lastKnownFileType = sourcecode.c.h; path = SearchController.h; sourceTree = "<group>"; };
		9AC2A3991DB8FC3D0042822B /* SearchController.m */ = {isa = PBXFileReference; fileEncoding = 4; lastKnownFileType = sourcecode.c.objc; path = SearchController.m; sourceTree = "<group>"; };
		9AC2A39A1DB8FC3D0042822B /* SearchController.xib */ = {isa = PBXFileReference; fileEncoding = 4; lastKnownFileType = file.xib; path = SearchController.xib; sourceTree = "<group>"; };
		9AC3640F13F9732B006D86B2 /* DocumentRecord.h */ = {isa = PBXFileReference; fileEncoding = 4; lastKnownFileType = sourcecode.c.h; path = DocumentRecord.h; sourceTree = "<group>"; };
		9AC3641013F9732B006D86B2 /* DocumentRecord.m */ = {isa = PBXFileReference; fileEncoding = 4; lastKnownFileType = sourcecode.c.objc; path = DocumentRecord.m; sourceTree = "<group>"; };
		9AC6B7F61A7BA8BD00B9F79E /* AnnotationPanel.h */ = {isa = PBXFileReference; fileEncoding = 4; lastKnownFileType = sourcecode.c.h; path = AnnotationPanel.h; sourceTree = "<group>"; };
		9AC6B7F71A7BA8BD00B9F79E /* AnnotationPanel.m */ = {isa = PBXFileReference; fileEncoding = 4; lastKnownFileType = sourcecode.c.objc; path = AnnotationPanel.m; sourceTree = "<group>"; };
		9AC6B7F91A7BCECD00B9F79E /* AnnotationPanel.xib */ = {isa = PBXFileReference; fileEncoding = 4; lastKnownFileType = file.xib; path = AnnotationPanel.xib; sourceTree = "<group>"; };
		9AC6B7FB1A7BF02F00B9F79E /* Note.xib */ = {isa = PBXFileReference; fileEncoding = 4; lastKnownFileType = file.xib; path = Note.xib; sourceTree = "<group>"; };
		9AC6B7FD1A7BF15700B9F79E /* Note.h */ = {isa = PBXFileReference; fileEncoding = 4; lastKnownFileType = sourcecode.c.h; path = Note.h; sourceTree = "<group>"; };
		9AC6B7FE1A7BF15700B9F79E /* Note.m */ = {isa = PBXFileReference; fileEncoding = 4; lastKnownFileType = sourcecode.c.objc; path = Note.m; sourceTree = "<group>"; };
		9AC6B8001A7BFA1C00B9F79E /* NoteProtocol.h */ = {isa = PBXFileReference; fileEncoding = 4; lastKnownFileType = sourcecode.c.h; path = NoteProtocol.h; sourceTree = "<group>"; };
		9AD17AC4140A5F25008764F5 /* AuthCode.xib */ = {isa = PBXFileReference; fileEncoding = 4; lastKnownFileType = file.xib; path = AuthCode.xib; sourceTree = "<group>"; };
		9AD9269B141E53A200035878 /* Properties.xib */ = {isa = PBXFileReference; fileEncoding = 4; lastKnownFileType = file.xib; path = Properties.xib; sourceTree = "<group>"; };
		9AD9269E141E586800035878 /* PropertiesController.h */ = {isa = PBXFileReference; fileEncoding = 4; lastKnownFileType = sourcecode.c.h; path = PropertiesController.h; sourceTree = "<group>"; };
		9AD9269F141E586800035878 /* PropertiesController.m */ = {isa = PBXFileReference; fileEncoding = 4; lastKnownFileType = sourcecode.c.objc; path = PropertiesController.m; sourceTree = "<group>"; };
		9ADB8DB9185B3D75005CBA53 /* JavelinSplash.pdf */ = {isa = PBXFileReference; lastKnownFileType = image.pdf; path = JavelinSplash.pdf; sourceTree = "<group>"; };
		9AE9896913F2876C00A3873D /* Drumlin.h */ = {isa = PBXFileReference; fileEncoding = 4; lastKnownFileType = sourcecode.c.h; path = Drumlin.h; sourceTree = "<group>"; };
		9AE9896A13F2876C00A3873D /* Drumlin.mm */ = {isa = PBXFileReference; fileEncoding = 4; lastKnownFileType = sourcecode.cpp.objcpp; path = Drumlin.mm; sourceTree = "<group>"; };
		9AE9897013F288D400A3873D /* Rijndael.cpp */ = {isa = PBXFileReference; fileEncoding = 4; lastKnownFileType = sourcecode.cpp.cpp; path = Rijndael.cpp; sourceTree = "<group>"; };
		9AE9897113F288D400A3873D /* Rijndael.h */ = {isa = PBXFileReference; fileEncoding = 4; lastKnownFileType = sourcecode.c.h; path = Rijndael.h; sourceTree = "<group>"; };
		9AE9897313F28E5900A3873D /* DrumlinTypes.h */ = {isa = PBXFileReference; fileEncoding = 4; lastKnownFileType = sourcecode.c.h; path = DrumlinTypes.h; sourceTree = "<group>"; };
		9AE9897413F2B24F00A3873D /* KeyGen.cpp */ = {isa = PBXFileReference; fileEncoding = 4; lastKnownFileType = sourcecode.cpp.cpp; path = KeyGen.cpp; sourceTree = "<group>"; };
		9AE9897513F2B24F00A3873D /* KeyGen.h */ = {isa = PBXFileReference; fileEncoding = 4; lastKnownFileType = sourcecode.c.h; path = KeyGen.h; sourceTree = "<group>"; };
		9AEA015413F922800047C73A /* Base64.cpp */ = {isa = PBXFileReference; fileEncoding = 4; lastKnownFileType = sourcecode.cpp.cpp; path = Base64.cpp; sourceTree = "<group>"; };
		9AEA015513F922800047C73A /* Base64.h */ = {isa = PBXFileReference; fileEncoding = 4; lastKnownFileType = sourcecode.c.h; path = Base64.h; sourceTree = "<group>"; };
		9AEACC151DBA563000865CB6 /* MyThumbnailView.h */ = {isa = PBXFileReference; fileEncoding = 4; lastKnownFileType = sourcecode.c.h; path = MyThumbnailView.h; sourceTree = "<group>"; };
		9AEACC161DBA563000865CB6 /* MyThumbnailView.m */ = {isa = PBXFileReference; fileEncoding = 4; lastKnownFileType = sourcecode.c.objc; path = MyThumbnailView.m; sourceTree = "<group>"; };
		9AF19D8F13EADEEE0046A907 /* Javelin3.app */ = {isa = PBXFileReference; explicitFileType = wrapper.application; includeInIndex = 0; path = Javelin3.app; sourceTree = BUILT_PRODUCTS_DIR; };
		9AF19D9313EADEEE0046A907 /* Cocoa.framework */ = {isa = PBXFileReference; lastKnownFileType = wrapper.framework; name = Cocoa.framework; path = System/Library/Frameworks/Cocoa.framework; sourceTree = SDKROOT; };
		9AF19D9613EADEEE0046A907 /* AppKit.framework */ = {isa = PBXFileReference; lastKnownFileType = wrapper.framework; name = AppKit.framework; path = System/Library/Frameworks/AppKit.framework; sourceTree = SDKROOT; };
		9AF19D9713EADEEE0046A907 /* CoreData.framework */ = {isa = PBXFileReference; lastKnownFileType = wrapper.framework; name = CoreData.framework; path = System/Library/Frameworks/CoreData.framework; sourceTree = SDKROOT; };
		9AF19D9813EADEEE0046A907 /* Foundation.framework */ = {isa = PBXFileReference; lastKnownFileType = wrapper.framework; name = Foundation.framework; path = System/Library/Frameworks/Foundation.framework; sourceTree = SDKROOT; };
		9AF19D9B13EADEEE0046A907 /* Javelin3-Info.plist */ = {isa = PBXFileReference; lastKnownFileType = text.plist.xml; path = "Javelin3-Info.plist"; sourceTree = "<group>"; };
		9AF19D9D13EADEEE0046A907 /* en */ = {isa = PBXFileReference; lastKnownFileType = text.plist.strings; name = en; path = en.lproj/InfoPlist.strings; sourceTree = "<group>"; };
		9AF19D9F13EADEEE0046A907 /* Javelin3-Prefix.pch */ = {isa = PBXFileReference; lastKnownFileType = sourcecode.c.h; path = "Javelin3-Prefix.pch"; sourceTree = "<group>"; };
		9AF19DA013EADEEE0046A907 /* main.m */ = {isa = PBXFileReference; lastKnownFileType = sourcecode.c.objc; path = main.m; sourceTree = "<group>"; };
		9AF19DA313EADEEE0046A907 /* en */ = {isa = PBXFileReference; lastKnownFileType = text.rtf; name = en; path = en.lproj/Credits.rtf; sourceTree = "<group>"; };
		9AF19DA513EADEEE0046A907 /* JavelinDocument.h */ = {isa = PBXFileReference; lastKnownFileType = sourcecode.c.h; path = JavelinDocument.h; sourceTree = "<group>"; };
		9AF19DA613EADEEE0046A907 /* JavelinDocument.m */ = {isa = PBXFileReference; lastKnownFileType = sourcecode.c.objc; path = JavelinDocument.m; sourceTree = "<group>"; };
		9AF19DA913EADEEE0046A907 /* en */ = {isa = PBXFileReference; lastKnownFileType = file.xib; name = en; path = en.lproj/JavelinDocument.xib; sourceTree = "<group>"; };
		9AF19DAC13EADEEF0046A907 /* en */ = {isa = PBXFileReference; lastKnownFileType = file.xib; name = en; path = en.lproj/MainMenu.xib; sourceTree = "<group>"; };
		9AF19DB913EADEEF0046A907 /* JavelinTests-Info.plist */ = {isa = PBXFileReference; lastKnownFileType = text.plist.xml; path = "JavelinTests-Info.plist"; sourceTree = "<group>"; };
		9AF19DBB13EADEEF0046A907 /* en */ = {isa = PBXFileReference; lastKnownFileType = text.plist.strings; name = en; path = en.lproj/InfoPlist.strings; sourceTree = "<group>"; };
		9AF19DBD13EADEEF0046A907 /* JavelinTests-Prefix.pch */ = {isa = PBXFileReference; lastKnownFileType = sourcecode.c.h; path = "JavelinTests-Prefix.pch"; sourceTree = "<group>"; };
		9AF19DBE13EADEEF0046A907 /* JavelinTests.h */ = {isa = PBXFileReference; lastKnownFileType = sourcecode.c.h; path = JavelinTests.h; sourceTree = "<group>"; };
		9AF19DC013EADEEF0046A907 /* JavelinTests.m */ = {isa = PBXFileReference; lastKnownFileType = sourcecode.c.objc; path = JavelinTests.m; sourceTree = "<group>"; };
		9AF2BC281A84F30800F01B2B /* EnterDocID.h */ = {isa = PBXFileReference; fileEncoding = 4; lastKnownFileType = sourcecode.c.h; path = EnterDocID.h; sourceTree = "<group>"; };
		9AF2BC291A84F30800F01B2B /* EnterDocID.m */ = {isa = PBXFileReference; fileEncoding = 4; lastKnownFileType = sourcecode.c.objc; path = EnterDocID.m; sourceTree = "<group>"; };
		9AF2BC2A1A84F30800F01B2B /* EnterDocID.xib */ = {isa = PBXFileReference; fileEncoding = 4; lastKnownFileType = file.xib; path = EnterDocID.xib; sourceTree = "<group>"; };
		9AF7F9231E5E04B4007EF268 /* filer.cpp */ = {isa = PBXFileReference; fileEncoding = 4; lastKnownFileType = sourcecode.cpp.cpp; path = filer.cpp; sourceTree = "<group>"; };
		9AF7F9241E5E04B4007EF268 /* filer.H */ = {isa = PBXFileReference; fileEncoding = 4; lastKnownFileType = sourcecode.cpp.h; path = filer.H; sourceTree = "<group>"; };
		9AFB1F2B17DA202000D1DE61 /* JavelinM.entitlements */ = {isa = PBXFileReference; lastKnownFileType = text.xml; path = JavelinM.entitlements; sourceTree = SOURCE_ROOT; };
		9AFD212613ED99740060F352 /* JavelinController.h */ = {isa = PBXFileReference; fileEncoding = 4; lastKnownFileType = sourcecode.c.h; path = JavelinController.h; sourceTree = "<group>"; };
		9AFD212713ED99740060F352 /* JavelinController.m */ = {isa = PBXFileReference; fileEncoding = 4; lastKnownFileType = sourcecode.c.objc; path = JavelinController.m; sourceTree = "<group>"; };
		9AFF5ED61A8E25870068BF2F /* FreeNoteWindow.h */ = {isa = PBXFileReference; fileEncoding = 4; lastKnownFileType = sourcecode.c.h; path = FreeNoteWindow.h; sourceTree = "<group>"; };
		9AFF5ED71A8E25870068BF2F /* FreeNoteWindow.m */ = {isa = PBXFileReference; fileEncoding = 4; lastKnownFileType = sourcecode.c.objc; path = FreeNoteWindow.m; sourceTree = "<group>"; };
		9AFF5ED91A8E4D020068BF2F /* FreeNoteController.h */ = {isa = PBXFileReference; fileEncoding = 4; lastKnownFileType = sourcecode.c.h; path = FreeNoteController.h; sourceTree = "<group>"; };
		9AFF5EDA1A8E4D020068BF2F /* FreeNoteController.m */ = {isa = PBXFileReference; fileEncoding = 4; lastKnownFileType = sourcecode.c.objc; path = FreeNoteController.m; sourceTree = "<group>"; };
		9AFF5EDB1A8E4D020068BF2F /* FreeNoteController.xib */ = {isa = PBXFileReference; fileEncoding = 4; lastKnownFileType = file.xib; path = FreeNoteController.xib; sourceTree = "<group>"; };
		9AFF94EB13F003B300784C6D /* ToolbarFirstAdorn.tif */ = {isa = PBXFileReference; lastKnownFileType = image.tiff; name = ToolbarFirstAdorn.tif; path = Javelin/Artwork/ToolbarFirstAdorn.tif; sourceTree = "<group>"; };
		9AFF94EC13F003B300784C6D /* ToolbarLastAdorn.tif */ = {isa = PBXFileReference; lastKnownFileType = image.tiff; name = ToolbarLastAdorn.tif; path = Javelin/Artwork/ToolbarLastAdorn.tif; sourceTree = "<group>"; };
		9AFF94ED13F003B300784C6D /* ToolbarNextAdorn.tif */ = {isa = PBXFileReference; lastKnownFileType = image.tiff; name = ToolbarNextAdorn.tif; path = Javelin/Artwork/ToolbarNextAdorn.tif; sourceTree = "<group>"; };
		9AFF94EE13F003B300784C6D /* ToolbarPrevAdorn.tif */ = {isa = PBXFileReference; lastKnownFileType = image.tiff; name = ToolbarPrevAdorn.tif; path = Javelin/Artwork/ToolbarPrevAdorn.tif; sourceTree = "<group>"; };
/* End PBXFileReference section */

/* Begin PBXFrameworksBuildPhase section */
		9AF19D8C13EADEEE0046A907 /* Frameworks */ = {
			isa = PBXFrameworksBuildPhase;
			buildActionMask = 2147483647;
			files = (
				4A81051920D2B37A007EAE9C /* QuartzCore.framework in Frameworks */,
				4A81051720D2B37A007EAE9C /* Quartz.framework in Frameworks */,
				9A73E5AD13F58C83002F3457 /* IOKit.framework in Frameworks */,
				9AF19D9413EADEEE0046A907 /* Cocoa.framework in Frameworks */,
			);
			runOnlyForDeploymentPostprocessing = 0;
		};
/* End PBXFrameworksBuildPhase section */

/* Begin PBXGroup section */
		4AC7E7542099FE45001EED63 /* Catalogs */ = {
			isa = PBXGroup;
			children = (
				4AC7E7552099FEF7001EED63 /* CatalogView.xib */,
				4AC7E759209A02E0001EED63 /* CatalogDocument.h */,
				4AC7E75A209A02E0001EED63 /* CatalogDocument.m */,
				4AC7E75E209A0B76001EED63 /* CatalogProtocol.h */,
				4AC7E75F209C6753001EED63 /* CatalogController.h */,
				4AC7E760209C6753001EED63 /* CatalogController.m */,
				4AC7E761209C6753001EED63 /* CatalogController.xib */,
				4A42A53820A0545B00F8B696 /* CatalogItem.h */,
				4A42A53920A0545B00F8B696 /* CatalogItem.m */,
				4A42A53A20A0545B00F8B696 /* CatalogItem.xib */,
				4A7F953820A9E74700952A99 /* CatalogViewNew.h */,
				4A7F953920A9E74700952A99 /* CatalogViewNew.m */,
				4A7F953A20A9E74700952A99 /* CatalogViewNew.xib */,
				4A7F954320A9F3A600952A99 /* CatalogWindowController.h */,
				4A7F954420A9F3A600952A99 /* CatalogWindowController.m */,
				4A7F954520A9F3A600952A99 /* CatalogWindowController.xib */,
				4A611D3E20AC347E00E457D2 /* CatalogStack.h */,
				4A611D3F20AC347E00E457D2 /* CatalogStack.m */,
				4A8653A320C6D3AC00B5FD96 /* SingleLineTextView.h */,
				4A8653A420C6D3AC00B5FD96 /* SingleLineTextView.m */,
				4A15811D20C9348200D3A661 /* MyGrid.h */,
				4A15811E20C9348200D3A661 /* MyGrid.m */,
				4AF0226620CFD9E90087491F /* MyTextField.h */,
				4AF0226720CFD9E90087491F /* MyTextField.m */,
			);
			path = Catalogs;
			sourceTree = "<group>";
		};
		9A1595BC185F0B150093903B /* Downloads */ = {
			isa = PBXGroup;
			children = (
				9A1595C6185F34CF0093903B /* DownloadsTableView.h */,
				9A1595C7185F34CF0093903B /* DownloadsTableView.m */,
				9A1595C3185F0BD60093903B /* DownloadDocument.xib */,
				9A1595BD185F0BA70093903B /* DownloadDocument.h */,
				9A1595BE185F0BA70093903B /* DownloadDocument.m */,
				9AB5BFFB17CB5FE200D1B1E3 /* DownloadItem.h */,
				9AB5BFFC17CB5FE200D1B1E3 /* DownloadItem.m */,
				9A86274C17CC971E008DC24C /* DownloadCell.h */,
				9A86274D17CC971E008DC24C /* DownloadCell.m */,
				9A1595C5185F2EEA0093903B /* DownloadProtocol.h */,
			);
			name = Downloads;
			sourceTree = "<group>";
		};
		9AABD3E213EEB974008860FB /* Resources */ = {
			isa = PBXGroup;
			children = (
				4ADE2A85212AAE130098D8B5 /* warning.png */,
				4A84C7AC20C8333500A10785 /* exit-arrow.png */,
				4A84C7AA20C82F8D00A10785 /* back-arrow.png */,
				4A84C7A820C82F3900A10785 /* down-arrow.png */,
				4A84C7A620C82A1600A10785 /* refresh-icon.png */,
				4A611D3A20AC2F0100E457D2 /* download.png */,
				4A611D3520AC2C4300E457D2 /* back.png */,
				4A611D3420AC2C4300E457D2 /* exit.png */,
				4A611D3620AC2C4400E457D2 /* refresh.png */,
				4A42A53F20A327A300F8B696 /* pdf.png */,
				4A42A53D20A0641500F8B696 /* catalog_200.png */,
				4A4B2F121E94E388005CD43B /* ToolbarSearchImage.tif */,
				9A67E69717EADB1600DF64F1 /* javelin263.png */,
				9A4F0BCF17CA11E70037393B /* ToolbarDownloadImage.tif */,
				9A8EAC3714EC0BBE00735025 /* Javelin3.icns */,
				9A9E39CC1420927A0009F10D /* ToolbarMinusAdorn.tif */,
				9A9E39CD1420927A0009F10D /* ToolbarPlusAdorn.tif */,
				9AFF94EB13F003B300784C6D /* ToolbarFirstAdorn.tif */,
				9AFF94EC13F003B300784C6D /* ToolbarLastAdorn.tif */,
				9AFF94ED13F003B300784C6D /* ToolbarNextAdorn.tif */,
				9AFF94EE13F003B300784C6D /* ToolbarPrevAdorn.tif */,
				9AABD4BC13EEBF12008860FB /* ToolbarView4Adorn.tif */,
				9AABD4A813EEB9AF008860FB /* LinkPattern copy 1.tif */,
				9AABD4A913EEB9AF008860FB /* LinkPattern copy.tif */,
				9AABD4AA13EEB9AF008860FB /* ToolbarBackAdorn.tif */,
				9AABD4AB13EEB9AF008860FB /* ToolbarDrawerImage.tif */,
				9AABD4AC13EEB9AF008860FB /* ToolbarForwardAdorn.tif */,
				9AABD4AD13EEB9AF008860FB /* ToolbarNextPageImage.tif */,
				9AABD4AE13EEB9AF008860FB /* ToolbarPreviousPageImage.tif */,
				9AABD4AF13EEB9AF008860FB /* ToolbarView1Adorn.tif */,
				9AABD4B013EEB9AF008860FB /* ToolbarView2Adorn.tif */,
				9AABD4B113EEB9AF008860FB /* ToolbarView3Adorn.tif */,
			);
			name = Resources;
			sourceTree = "<group>";
		};
		9AF19D8413EADEEE0046A907 = {
			isa = PBXGroup;
			children = (
				4ABDDD75251CAE8900F953E5 /* DocumentList.h */,
				4ABDDD76251CAE8900F953E5 /* DocumentList.m */,
				4ADE2A80212AACF50098D8B5 /* WarningController.h */,
				4ADE2A81212AACF50098D8B5 /* WarningController.m */,
				4ADE2A82212AACF50098D8B5 /* WarningController.xib */,
				9AF19D9213EADEEE0046A907 /* Frameworks */,
				9AF19D9913EADEEE0046A907 /* Javelin */,
				9AF19DB713EADEEF0046A907 /* JavelinTests */,
				9A79B0BD1E5C9FDD008090B9 /* MyImage.h */,
				9A79B0BE1E5C9FDD008090B9 /* MyImage.m */,
				9AF19D9013EADEEE0046A907 /* Products */,
				9AABD3E213EEB974008860FB /* Resources */,
				9A5AB28A17C6082F009652A1 /* VarSystemInfo.h */,
				9A5AB28B17C6082F009652A1 /* VarSystemInfo.m */,
			);
			sourceTree = "<group>";
		};
		9AF19D9013EADEEE0046A907 /* Products */ = {
			isa = PBXGroup;
			children = (
				9AF19D8F13EADEEE0046A907 /* Javelin3.app */,
			);
			name = Products;
			sourceTree = "<group>";
		};
		9AF19D9213EADEEE0046A907 /* Frameworks */ = {
			isa = PBXGroup;
			children = (
				4A81051820D2B37A007EAE9C /* QuartzCore.framework */,
				4A8EB1E51E97FCE5003EB9CA /* Quartz.framework */,
				9A73E5AC13F58C83002F3457 /* IOKit.framework */,
				9AF19D9313EADEEE0046A907 /* Cocoa.framework */,
				9AF19D9513EADEEE0046A907 /* Other Frameworks */,
			);
			name = Frameworks;
			sourceTree = "<group>";
		};
		9AF19D9513EADEEE0046A907 /* Other Frameworks */ = {
			isa = PBXGroup;
			children = (
				9AF19D9613EADEEE0046A907 /* AppKit.framework */,
				9AF19D9713EADEEE0046A907 /* CoreData.framework */,
				9AF19D9813EADEEE0046A907 /* Foundation.framework */,
			);
			name = "Other Frameworks";
			sourceTree = "<group>";
		};
		9AF19D9913EADEEE0046A907 /* Javelin */ = {
			isa = PBXGroup;
			children = (
				4AC7E7542099FE45001EED63 /* Catalogs */,
				9AF7F9231E5E04B4007EF268 /* filer.cpp */,
				9AF7F9241E5E04B4007EF268 /* filer.H */,
				9AC6B7F61A7BA8BD00B9F79E /* AnnotationPanel.h */,
				9AC6B7F71A7BA8BD00B9F79E /* AnnotationPanel.m */,
				9AC6B7F91A7BCECD00B9F79E /* AnnotationPanel.xib */,
				9A089886140FA1FB00A6C388 /* AppController.h */,
				9A089887140FA1FB00A6C388 /* AppController.m */,
				9AD17AC4140A5F25008764F5 /* AuthCode.xib */,
				9A7EB71D1406A16A00DBD6DC /* AuthController.h */,
				9A7EB71E1406A16A00DBD6DC /* AuthController.m */,
				9AEA015413F922800047C73A /* Base64.cpp */,
				9AEA015513F922800047C73A /* Base64.h */,
				9A1466EB13F434EA0001E0DC /* DocInfo.h */,
				9A1ECD8013FBCAF50089F75A /* DocumentDB.h */,
				9A1ECD8113FBCAF50089F75A /* DocumentDB.mm */,
				9AC3640F13F9732B006D86B2 /* DocumentRecord.h */,
				9AC3641013F9732B006D86B2 /* DocumentRecord.m */,
				9A1595BC185F0B150093903B /* Downloads */,
				9AE9896913F2876C00A3873D /* Drumlin.h */,
				9AE9896A13F2876C00A3873D /* Drumlin.mm */,
				9A25CD1914167BEF002257C7 /* DrumlinPrintPanel.h */,
				9A25CD1A14167BEF002257C7 /* DrumlinPrintPanel.m */,
				9AE9897313F28E5900A3873D /* DrumlinTypes.h */,
				9AF2BC281A84F30800F01B2B /* EnterDocID.h */,
				9AF2BC291A84F30800F01B2B /* EnterDocID.m */,
				9AF2BC2A1A84F30800F01B2B /* EnterDocID.xib */,
				9AFF5ED91A8E4D020068BF2F /* FreeNoteController.h */,
				9AFF5EDA1A8E4D020068BF2F /* FreeNoteController.m */,
				9AFF5EDB1A8E4D020068BF2F /* FreeNoteController.xib */,
				9AFF5ED61A8E25870068BF2F /* FreeNoteWindow.h */,
				9AFF5ED71A8E25870068BF2F /* FreeNoteWindow.m */,
				9A9CEC91141A0EB40065791A /* General.h */,
				9A9CEC92141A0EB40065791A /* General.m */,
				9A1466E813F42C980001E0DC /* Global.cpp */,
				9A1466E913F42C980001E0DC /* Global.h */,
				9AAECC9D1A80FC58005E7881 /* JAnnotation.h */,
				9AAECC9E1A80FC58005E7881 /* JAnnotation.m */,
				9A684B54156D09B0007FE98A /* JavelinApplication.h */,
				9A684B55156D09B0007FE98A /* JavelinApplication.m */,
				9AFD212613ED99740060F352 /* JavelinController.h */,
				9AFD212713ED99740060F352 /* JavelinController.m */,
				9AF19DA513EADEEE0046A907 /* JavelinDocument.h */,
				9AF19DA613EADEEE0046A907 /* JavelinDocument.m */,
				9AF19DA813EADEEE0046A907 /* JavelinDocument.xib */,
				9AABD3CE13EE9A69008860FB /* JavelinPdfView.h */,
				9AABD3CF13EE9A69008860FB /* JavelinPdfView.m */,
				9A9CEC97141A2E9A0065791A /* JavelinPrintView.h */,
				9A9CEC98141A2E9A0065791A /* JavelinPrintView.m */,
				9AE9897413F2B24F00A3873D /* KeyGen.cpp */,
				9AE9897513F2B24F00A3873D /* KeyGen.h */,
				9A9CEC9A141A5B100065791A /* Log.h */,
				9A9CEC9B141A5B100065791A /* Log.m */,
				9AF19DAB13EADEEF0046A907 /* MainMenu.xib */,
				9A4BB93C13F54F3000AC9FB6 /* md5.cpp */,
				9A4BB93D13F54F3000AC9FB6 /* md5.h */,
				9AC6B7FD1A7BF15700B9F79E /* Note.h */,
				9AC6B7FE1A7BF15700B9F79E /* Note.m */,
				9AC6B7FB1A7BF02F00B9F79E /* Note.xib */,
				9AC6B8001A7BFA1C00B9F79E /* NoteProtocol.h */,
				9A29678119D307FA00CD6D56 /* PDFView+rightMouseDown.h */,
				9A29678219D307FA00CD6D56 /* PDFView+rightMouseDown.m */,
				9AD9269B141E53A200035878 /* Properties.xib */,
				9AD9269E141E586800035878 /* PropertiesController.h */,
				9AD9269F141E586800035878 /* PropertiesController.m */,
				9AE9897013F288D400A3873D /* Rijndael.cpp */,
				9AE9897113F288D400A3873D /* Rijndael.h */,
				9AF19D9A13EADEEE0046A907 /* Supporting Files */,
				9A1466E113F3F3E90001E0DC /* UnicodeString.cpp */,
				9A1466E213F3F3E90001E0DC /* UnicodeString.h */,
				9A60ACED1421FEE70043D50F /* Version.h */,
				9A60ACEE1421FEE70043D50F /* Version.m */,
				9A9CEC94141A10C30065791A /* Watermark.h */,
				9A9CEC95141A10C30065791A /* Watermark.m */,
				9A4BB94013F55FFC00AC9FB6 /* WebService.h */,
				9A4BB94113F55FFC00AC9FB6 /* WebService.m */,
				9A4BB94313F5605900AC9FB6 /* XmlParser.h */,
				9A4BB94413F5605900AC9FB6 /* XmlParser.m */,
				9AC2A3981DB8FC3D0042822B /* SearchController.h */,
				9AC2A3991DB8FC3D0042822B /* SearchController.m */,
				9AC2A39A1DB8FC3D0042822B /* SearchController.xib */,
				9AEACC151DBA563000865CB6 /* MyThumbnailView.h */,
				9AEACC161DBA563000865CB6 /* MyThumbnailView.m */,
				4A11668E1EB8A25D00F24D13 /* JAnnotations.h */,
				4A11668F1EB8A25D00F24D13 /* JAnnotations.m */,
				4A1166961EC1D6CE00F24D13 /* JavelinNotes.h */,
				4A1166971EC1D6CE00F24D13 /* JavelinNotes.m */,
				4AE5F6B21EC4886600973D3A /* NoteViewProtocol.h */,
				4AC7460D2062AB1500DDDB79 /* ScannerThread.h */,
				4AC7460E2062AB1500DDDB79 /* ScannerThread.m */,
			);
			path = Javelin;
			sourceTree = "<group>";
		};
		9AF19D9A13EADEEE0046A907 /* Supporting Files */ = {
			isa = PBXGroup;
			children = (
				4AC7E75C209A061F001EED63 /* catalog.xml */,
				9AFB1F2B17DA202000D1DE61 /* JavelinM.entitlements */,
				9ADB8DB9185B3D75005CBA53 /* JavelinSplash.pdf */,
				9AF19D9B13EADEEE0046A907 /* Javelin3-Info.plist */,
				9AF19D9C13EADEEE0046A907 /* InfoPlist.strings */,
				9AF19D9F13EADEEE0046A907 /* Javelin3-Prefix.pch */,
				9AF19DA013EADEEE0046A907 /* main.m */,
				9AF19DA213EADEEE0046A907 /* Credits.rtf */,
			);
			name = "Supporting Files";
			sourceTree = "<group>";
		};
		9AF19DB713EADEEF0046A907 /* JavelinTests */ = {
			isa = PBXGroup;
			children = (
				9AF19DBE13EADEEF0046A907 /* JavelinTests.h */,
				9AF19DC013EADEEF0046A907 /* JavelinTests.m */,
				9AF19DB813EADEEF0046A907 /* Supporting Files */,
			);
			path = JavelinTests;
			sourceTree = "<group>";
		};
		9AF19DB813EADEEF0046A907 /* Supporting Files */ = {
			isa = PBXGroup;
			children = (
				9AF19DB913EADEEF0046A907 /* JavelinTests-Info.plist */,
				9AF19DBA13EADEEF0046A907 /* InfoPlist.strings */,
				9AF19DBD13EADEEF0046A907 /* JavelinTests-Prefix.pch */,
			);
			name = "Supporting Files";
			sourceTree = "<group>";
		};
/* End PBXGroup section */

/* Begin PBXNativeTarget section */
		9AF19D8E13EADEEE0046A907 /* Javelin3 */ = {
			isa = PBXNativeTarget;
			buildConfigurationList = 9AF19DC413EADEEF0046A907 /* Build configuration list for PBXNativeTarget "Javelin3" */;
			buildPhases = (
				9AF19D8B13EADEEE0046A907 /* Sources */,
				9AF19D8C13EADEEE0046A907 /* Frameworks */,
				9AF19D8D13EADEEE0046A907 /* Resources */,
			);
			buildRules = (
			);
			dependencies = (
			);
			name = Javelin3;
			productName = Javelin;
			productReference = 9AF19D8F13EADEEE0046A907 /* Javelin3.app */;
			productType = "com.apple.product-type.application";
		};
/* End PBXNativeTarget section */

/* Begin PBXProject section */
		9AF19D8613EADEEE0046A907 /* Project object */ = {
			isa = PBXProject;
			attributes = {
				LastUpgradeCheck = 0730;
				TargetAttributes = {
					9AF19D8E13EADEEE0046A907 = {
						DevelopmentTeam = 55K68TLRFK;
						ProvisioningStyle = Automatic;
						SystemCapabilities = {
							com.apple.Sandbox = {
								enabled = 1;
							};
						};
					};
				};
			};
			buildConfigurationList = 9AF19D8913EADEEE0046A907 /* Build configuration list for PBXProject "Javelin3" */;
			compatibilityVersion = "Xcode 3.2";
			developmentRegion = English;
			hasScannedForEncodings = 0;
			knownRegions = (
				English,
				en,
			);
			mainGroup = 9AF19D8413EADEEE0046A907;
			productRefGroup = 9AF19D9013EADEEE0046A907 /* Products */;
			projectDirPath = "";
			projectRoot = "";
			targets = (
				9AF19D8E13EADEEE0046A907 /* Javelin3 */,
			);
		};
/* End PBXProject section */

/* Begin PBXResourcesBuildPhase section */
		9AF19D8D13EADEEE0046A907 /* Resources */ = {
			isa = PBXResourcesBuildPhase;
			buildActionMask = 2147483647;
			files = (
				9AF19D9E13EADEEE0046A907 /* InfoPlist.strings in Resources */,
				4A84C7A920C82F3900A10785 /* down-arrow.png in Resources */,
				4AC7E7562099FEF7001EED63 /* CatalogView.xib in Resources */,
				4A84C7AB20C82F8D00A10785 /* back-arrow.png in Resources */,
				9AC6B7FC1A7BF02F00B9F79E /* Note.xib in Resources */,
				9AF19DA413EADEEE0046A907 /* Credits.rtf in Resources */,
				9AFF5EDD1A8E4D020068BF2F /* FreeNoteController.xib in Resources */,
				9AF19DAA13EADEEE0046A907 /* JavelinDocument.xib in Resources */,
				9A1595C4185F0BD60093903B /* DownloadDocument.xib in Resources */,
				9AF19DAD13EADEEF0046A907 /* MainMenu.xib in Resources */,
				9AABD4B213EEB9AF008860FB /* LinkPattern copy 1.tif in Resources */,
				9AABD4B313EEB9AF008860FB /* LinkPattern copy.tif in Resources */,
				9AABD4B413EEB9AF008860FB /* ToolbarBackAdorn.tif in Resources */,
				4ADE2A84212AACF50098D8B5 /* WarningController.xib in Resources */,
				9AABD4B513EEB9AF008860FB /* ToolbarDrawerImage.tif in Resources */,
				9AC6B7FA1A7BCECD00B9F79E /* AnnotationPanel.xib in Resources */,
				4AC7E75D209A061F001EED63 /* catalog.xml in Resources */,
				4A611D3720AC2C4400E457D2 /* exit.png in Resources */,
				9AABD4B613EEB9AF008860FB /* ToolbarForwardAdorn.tif in Resources */,
				4A4B2F131E94E388005CD43B /* ToolbarSearchImage.tif in Resources */,
				9AC2A39C1DB8FC3D0042822B /* SearchController.xib in Resources */,
				9AABD4B713EEB9AF008860FB /* ToolbarNextPageImage.tif in Resources */,
				4A611D3B20AC2F0100E457D2 /* download.png in Resources */,
				4A7F953C20A9E74700952A99 /* CatalogViewNew.xib in Resources */,
				9AABD4B813EEB9AF008860FB /* ToolbarPreviousPageImage.tif in Resources */,
				9AABD4B913EEB9AF008860FB /* ToolbarView1Adorn.tif in Resources */,
				4AC7E763209C6753001EED63 /* CatalogController.xib in Resources */,
				9ADB8DBA185B3D76005CBA53 /* JavelinSplash.pdf in Resources */,
				4A42A53E20A0641500F8B696 /* catalog_200.png in Resources */,
				9AF2BC2C1A84F30800F01B2B /* EnterDocID.xib in Resources */,
				9AABD4BA13EEB9AF008860FB /* ToolbarView2Adorn.tif in Resources */,
				9AABD4BB13EEB9AF008860FB /* ToolbarView3Adorn.tif in Resources */,
				9AABD4BD13EEBF12008860FB /* ToolbarView4Adorn.tif in Resources */,
				9AFF94EF13F003B300784C6D /* ToolbarFirstAdorn.tif in Resources */,
				9AFF94F013F003B300784C6D /* ToolbarLastAdorn.tif in Resources */,
				9AFF94F113F003B300784C6D /* ToolbarNextAdorn.tif in Resources */,
				9AFF94F213F003B300784C6D /* ToolbarPrevAdorn.tif in Resources */,
				4A42A53C20A0545B00F8B696 /* CatalogItem.xib in Resources */,
				4A84C7A720C82A1600A10785 /* refresh-icon.png in Resources */,
				4A611D3920AC2C4400E457D2 /* refresh.png in Resources */,
				9AD17AC5140A5F25008764F5 /* AuthCode.xib in Resources */,
				9AD9269C141E53A200035878 /* Properties.xib in Resources */,
				9A9E39CE1420927A0009F10D /* ToolbarMinusAdorn.tif in Resources */,
				9A9E39CF1420927A0009F10D /* ToolbarPlusAdorn.tif in Resources */,
				4A84C7AD20C8333500A10785 /* exit-arrow.png in Resources */,
				4A42A54020A327A300F8B696 /* pdf.png in Resources */,
				9A8EAC3814EC0BBE00735025 /* Javelin3.icns in Resources */,
				4A611D3820AC2C4400E457D2 /* back.png in Resources */,
				4ADE2A86212AAE130098D8B5 /* warning.png in Resources */,
				9A4F0BD017CA11E70037393B /* ToolbarDownloadImage.tif in Resources */,
				9A67E69817EADB1600DF64F1 /* javelin263.png in Resources */,
				4A7F954720A9F3A600952A99 /* CatalogWindowController.xib in Resources */,
			);
			runOnlyForDeploymentPostprocessing = 0;
		};
/* End PBXResourcesBuildPhase section */

/* Begin PBXSourcesBuildPhase section */
		9AF19D8B13EADEEE0046A907 /* Sources */ = {
			isa = PBXSourcesBuildPhase;
			buildActionMask = 2147483647;
			files = (
				4AC7460F2062AB1500DDDB79 /* ScannerThread.m in Sources */,
				9AF19DA113EADEEE0046A907 /* main.m in Sources */,
				9AEACC171DBA563000865CB6 /* MyThumbnailView.m in Sources */,
				9AC6B7FF1A7BF15700B9F79E /* Note.m in Sources */,
				9AF19DA713EADEEE0046A907 /* JavelinDocument.m in Sources */,
				9AFD212813ED99740060F352 /* JavelinController.m in Sources */,
				9AABD3D013EE9A69008860FB /* JavelinPdfView.m in Sources */,
				4AC7E762209C6753001EED63 /* CatalogController.m in Sources */,
				9A1595BF185F0BA70093903B /* DownloadDocument.m in Sources */,
				9AE9896B13F2876C00A3873D /* Drumlin.mm in Sources */,
				9AE9897213F288D400A3873D /* Rijndael.cpp in Sources */,
				4A7F953B20A9E74700952A99 /* CatalogViewNew.m in Sources */,
				9AC2A39B1DB8FC3D0042822B /* SearchController.m in Sources */,
				9AE9897613F2B24F00A3873D /* KeyGen.cpp in Sources */,
				9A1466E313F3F3E90001E0DC /* UnicodeString.cpp in Sources */,
				9A1466EA13F42C980001E0DC /* Global.cpp in Sources */,
				9AF2BC2B1A84F30800F01B2B /* EnterDocID.m in Sources */,
				4A8653A520C6D3AC00B5FD96 /* SingleLineTextView.m in Sources */,
				9AAECC9F1A80FC58005E7881 /* JAnnotation.m in Sources */,
				4ABDDD77251CAE8900F953E5 /* DocumentList.m in Sources */,
				4A1166981EC1D6CE00F24D13 /* JavelinNotes.m in Sources */,
				9A4BB93E13F54F3000AC9FB6 /* md5.cpp in Sources */,
				9A4BB94213F55FFC00AC9FB6 /* WebService.m in Sources */,
				9AF7F9251E5E04B4007EF268 /* filer.cpp in Sources */,
				9A4BB94513F5605900AC9FB6 /* XmlParser.m in Sources */,
				9AFF5EDC1A8E4D020068BF2F /* FreeNoteController.m in Sources */,
				9AFF5ED81A8E25870068BF2F /* FreeNoteWindow.m in Sources */,
				9AEA015613F922800047C73A /* Base64.cpp in Sources */,
				4A611D4020AC347E00E457D2 /* CatalogStack.m in Sources */,
				9AC6B7F81A7BA8BD00B9F79E /* AnnotationPanel.m in Sources */,
				9A1595C8185F34CF0093903B /* DownloadsTableView.m in Sources */,
				9AC3641113F9732B006D86B2 /* DocumentRecord.m in Sources */,
				9A1ECD8213FBCAF50089F75A /* DocumentDB.mm in Sources */,
				9A79B0BF1E5C9FDD008090B9 /* MyImage.m in Sources */,
				4A42A53B20A0545B00F8B696 /* CatalogItem.m in Sources */,
				9A29678319D307FA00CD6D56 /* PDFView+rightMouseDown.m in Sources */,
				4A15811F20C9348200D3A661 /* MyGrid.m in Sources */,
				9A7EB71F1406A16B00DBD6DC /* AuthController.m in Sources */,
				9A089888140FA1FB00A6C388 /* AppController.m in Sources */,
				9A25CD1B14167BEF002257C7 /* DrumlinPrintPanel.m in Sources */,
				9A9CEC93141A0EB40065791A /* General.m in Sources */,
				9A9CEC96141A10C30065791A /* Watermark.m in Sources */,
				9A9CEC99141A2E9B0065791A /* JavelinPrintView.m in Sources */,
				4AC7E75B209A02E0001EED63 /* CatalogDocument.m in Sources */,
				4A7F954620A9F3A600952A99 /* CatalogWindowController.m in Sources */,
				4ADE2A83212AACF50098D8B5 /* WarningController.m in Sources */,
				9A9CEC9C141A5B110065791A /* Log.m in Sources */,
				9AD926A0141E586800035878 /* PropertiesController.m in Sources */,
				4AF0226820CFD9E90087491F /* MyTextField.m in Sources */,
				9A60ACEF1421FEE80043D50F /* Version.m in Sources */,
				9A684B56156D09B0007FE98A /* JavelinApplication.m in Sources */,
				9A5AB28C17C6082F009652A1 /* VarSystemInfo.m in Sources */,
				9AB5BFFD17CB5FE200D1B1E3 /* DownloadItem.m in Sources */,
				9A86274E17CC971E008DC24C /* DownloadCell.m in Sources */,
				4A1166901EB8A25D00F24D13 /* JAnnotations.m in Sources */,
			);
			runOnlyForDeploymentPostprocessing = 0;
		};
/* End PBXSourcesBuildPhase section */

/* Begin PBXVariantGroup section */
		9AF19D9C13EADEEE0046A907 /* InfoPlist.strings */ = {
			isa = PBXVariantGroup;
			children = (
				9AF19D9D13EADEEE0046A907 /* en */,
			);
			name = InfoPlist.strings;
			sourceTree = "<group>";
		};
		9AF19DA213EADEEE0046A907 /* Credits.rtf */ = {
			isa = PBXVariantGroup;
			children = (
				9AF19DA313EADEEE0046A907 /* en */,
			);
			name = Credits.rtf;
			sourceTree = "<group>";
		};
		9AF19DA813EADEEE0046A907 /* JavelinDocument.xib */ = {
			isa = PBXVariantGroup;
			children = (
				9AF19DA913EADEEE0046A907 /* en */,
			);
			name = JavelinDocument.xib;
			sourceTree = "<group>";
		};
		9AF19DAB13EADEEF0046A907 /* MainMenu.xib */ = {
			isa = PBXVariantGroup;
			children = (
				9AF19DAC13EADEEF0046A907 /* en */,
			);
			name = MainMenu.xib;
			sourceTree = "<group>";
		};
		9AF19DBA13EADEEF0046A907 /* InfoPlist.strings */ = {
			isa = PBXVariantGroup;
			children = (
				9AF19DBB13EADEEF0046A907 /* en */,
			);
			name = InfoPlist.strings;
			sourceTree = "<group>";
		};
/* End PBXVariantGroup section */

/* Begin XCBuildConfiguration section */
		9AF19DC213EADEEF0046A907 /* Debug */ = {
			isa = XCBuildConfiguration;
			buildSettings = {
				CLANG_WARN_BOOL_CONVERSION = YES;
				CLANG_WARN_CONSTANT_CONVERSION = YES;
				CLANG_WARN_EMPTY_BODY = YES;
				CLANG_WARN_ENUM_CONVERSION = YES;
				CLANG_WARN_INT_CONVERSION = YES;
				CLANG_WARN_UNREACHABLE_CODE = YES;
				CLANG_WARN__DUPLICATE_METHOD_MATCH = YES;
				ENABLE_HARDENED_RUNTIME = YES;
				ENABLE_STRICT_OBJC_MSGSEND = YES;
				ENABLE_TESTABILITY = YES;
				GCC_C_LANGUAGE_STANDARD = gnu99;
				GCC_NO_COMMON_BLOCKS = YES;
				GCC_OPTIMIZATION_LEVEL = 0;
				GCC_PREPROCESSOR_DEFINITIONS = DEBUG;
				GCC_SYMBOLS_PRIVATE_EXTERN = NO;
				GCC_VERSION = com.apple.compilers.llvm.clang.1_0;
				GCC_WARN_64_TO_32_BIT_CONVERSION = YES;
				GCC_WARN_ABOUT_RETURN_TYPE = YES;
				GCC_WARN_UNDECLARED_SELECTOR = YES;
				GCC_WARN_UNINITIALIZED_AUTOS = YES;
				GCC_WARN_UNUSED_FUNCTION = YES;
				GCC_WARN_UNUSED_VARIABLE = YES;
				MACOSX_DEPLOYMENT_TARGET = 10.9;
				ONLY_ACTIVE_ARCH = YES;
				SDKROOT = macosx;
			};
			name = Debug;
		};
		9AF19DC313EADEEF0046A907 /* Release */ = {
			isa = XCBuildConfiguration;
			buildSettings = {
				CLANG_WARN_BOOL_CONVERSION = YES;
				CLANG_WARN_CONSTANT_CONVERSION = YES;
				CLANG_WARN_EMPTY_BODY = YES;
				CLANG_WARN_ENUM_CONVERSION = YES;
				CLANG_WARN_INT_CONVERSION = YES;
				CLANG_WARN_UNREACHABLE_CODE = YES;
				CLANG_WARN__DUPLICATE_METHOD_MATCH = YES;
				ENABLE_HARDENED_RUNTIME = YES;
				ENABLE_STRICT_OBJC_MSGSEND = YES;
				GCC_C_LANGUAGE_STANDARD = gnu99;
				GCC_NO_COMMON_BLOCKS = YES;
				GCC_VERSION = com.apple.compilers.llvm.clang.1_0;
				GCC_WARN_64_TO_32_BIT_CONVERSION = YES;
				GCC_WARN_ABOUT_RETURN_TYPE = YES;
				GCC_WARN_UNDECLARED_SELECTOR = YES;
				GCC_WARN_UNINITIALIZED_AUTOS = YES;
				GCC_WARN_UNUSED_FUNCTION = YES;
				GCC_WARN_UNUSED_VARIABLE = YES;
				MACOSX_DEPLOYMENT_TARGET = 10.9;
				SDKROOT = macosx;
			};
			name = Release;
		};
		9AF19DC513EADEEF0046A907 /* Debug */ = {
			isa = XCBuildConfiguration;
			buildSettings = {
				ALWAYS_SEARCH_USER_PATHS = NO;
				CLANG_ENABLE_OBJC_ARC = YES;
				CODE_SIGN_ENTITLEMENTS = JavelinM.entitlements;
				CODE_SIGN_IDENTITY = "Mac Developer";
				"CODE_SIGN_IDENTITY[sdk=macosx*]" = "Mac Developer";
				COMBINE_HIDPI_IMAGES = YES;
				COPY_PHASE_STRIP = NO;
				CURRENT_PROJECT_VERSION = 30502;
				DEBUG_INFORMATION_FORMAT = "dwarf-with-dsym";
				DEVELOPMENT_TEAM = "";
				GCC_DYNAMIC_NO_PIC = NO;
				GCC_ENABLE_OBJC_EXCEPTIONS = YES;
				GCC_PRECOMPILE_PREFIX_HEADER = YES;
				GCC_PREFIX_HEADER = "Javelin/Javelin3-Prefix.pch";
				GCC_PREPROCESSOR_DEFINITIONS = (
					DEBUG,
					DEBUG_PRINT,
				);
				INFOPLIST_FILE = "Javelin/Javelin3-Info.plist";
				MACOSX_DEPLOYMENT_TARGET = 10.13;
				MARKETING_VERSION = 3.05.02;
				ONLY_ACTIVE_ARCH = NO;
				PRODUCT_BUNDLE_IDENTIFIER = uk.co.drumlinsecurity.Javelin3;
				PRODUCT_NAME = Javelin3;
				PROVISIONING_PROFILE = "";
				PROVISIONING_PROFILE_SPECIFIER = "";
				SDKROOT = macosx;
				VALID_ARCHS = "i386 x86_64";
				WRAPPER_EXTENSION = app;
			};
			name = Debug;
		};
		9AF19DC613EADEEF0046A907 /* Release */ = {
			isa = XCBuildConfiguration;
			buildSettings = {
				ALWAYS_SEARCH_USER_PATHS = NO;
				CLANG_ENABLE_OBJC_ARC = YES;
				CODE_SIGN_ENTITLEMENTS = JavelinM.entitlements;
				CODE_SIGN_IDENTITY = "Mac Developer";
				"CODE_SIGN_IDENTITY[sdk=macosx*]" = "Mac Developer";
				COMBINE_HIDPI_IMAGES = YES;
				COPY_PHASE_STRIP = YES;
				CURRENT_PROJECT_VERSION = 30502;
				DEBUG_INFORMATION_FORMAT = "dwarf-with-dsym";
				DEVELOPMENT_TEAM = "";
				GCC_ENABLE_OBJC_EXCEPTIONS = YES;
				GCC_PRECOMPILE_PREFIX_HEADER = YES;
				GCC_PREFIX_HEADER = "Javelin/Javelin3-Prefix.pch";
				INFOPLIST_FILE = "Javelin/Javelin3-Info.plist";
				MACOSX_DEPLOYMENT_TARGET = 10.13;
				MARKETING_VERSION = 3.05.02;
				ONLY_ACTIVE_ARCH = NO;
				PRODUCT_BUNDLE_IDENTIFIER = uk.co.drumlinsecurity.Javelin3;
				PRODUCT_NAME = Javelin3;
				PROVISIONING_PROFILE = "";
				PROVISIONING_PROFILE_SPECIFIER = "";
				SDKROOT = macosx;
				VALID_ARCHS = "i386 x86_64";
				WRAPPER_EXTENSION = app;
			};
			name = Release;
		};
/* End XCBuildConfiguration section */

/* Begin XCConfigurationList section */
		9AF19D8913EADEEE0046A907 /* Build configuration list for PBXProject "Javelin3" */ = {
			isa = XCConfigurationList;
			buildConfigurations = (
				9AF19DC213EADEEF0046A907 /* Debug */,
				9AF19DC313EADEEF0046A907 /* Release */,
			);
			defaultConfigurationIsVisible = 0;
			defaultConfigurationName = Release;
		};
		9AF19DC413EADEEF0046A907 /* Build configuration list for PBXNativeTarget "Javelin3" */ = {
			isa = XCConfigurationList;
			buildConfigurations = (
				9AF19DC513EADEEF0046A907 /* Debug */,
				9AF19DC613EADEEF0046A907 /* Release */,
			);
			defaultConfigurationIsVisible = 0;
			defaultConfigurationName = Release;
		};
/* End XCConfigurationList section */
	};
	rootObject = 9AF19D8613EADEEE0046A907 /* Project object */;
}
